PODS:
  - CocoaLumberjack (2.2.0):
    - CocoaLumberjack/Default (= 2.2.0)
    - CocoaLumberjack/Extensions (= 2.2.0)
  - CocoaLumberjack/Core (2.2.0)
  - CocoaLumberjack/Default (2.2.0):
    - CocoaLumberjack/Core
  - CocoaLumberjack/Extensions (2.2.0):
    - CocoaLumberjack/Default
  - Nimble (3.0.0)
  - OCMock (2.2.4)
  - Quick (0.9.0)

DEPENDENCIES:
  - CocoaLumberjack
  - Nimble (~> 3.0.0)
  - OCMock (~> 2.2)
  - Quick (~> 0.8)

SPEC CHECKSUMS:
  CocoaLumberjack: 17fe8581f84914d5d7e6360f7c70022b173c3ae0
  Nimble: 4c353d43735b38b545cbb4cb91504588eb5de926
  OCMock: a6a7dc0e3997fb9f35d99f72528698ebf60d64f2
  Quick: 332eb1da73125a2106dd637424c803f2ae97e4a9

PODFILE CHECKSUM: d7a5cfc822e78e305298b2d9c129c500cdbe777a

COCOAPODS: 1.0.0.beta.3
