// !$*UTF8*$!
{
	archiveVersion = 1;
	classes = {
	};
	objectVersion = 46;
	objects = {

/* Begin PBXBuildFile section */
		076A4A5966D0FFD0BB56854E /* Pods_Git_GMUDataModel.framework in Frameworks */ = {isa = PBXBuildFile; fileRef = 2E81490DE5FC157C937A9E59 /* Pods_Git_GMUDataModel.framework */; };
		22542754275B61B9B5A23866 /* Pods_GitMenuTests.framework in Frameworks */ = {isa = PBXBuildFile; fileRef = 41807AF6F06E7C019ADB272E /* Pods_GitMenuTests.framework */; };
		30F55E8EF5987740B159C990 /* Pods_Git_GitFinderMenu.framework in Frameworks */ = {isa = PBXBuildFile; fileRef = 4C3A2C776FE6879B0FF5DCB3 /* Pods_Git_GitFinderMenu.framework */; };
		87048197B9A11D3433F34116 /* Pods_GMUDataModel.framework in Frameworks */ = {isa = PBXBuildFile; fileRef = C42C748C7C292A4B883D835B /* Pods_GMUDataModel.framework */; };
		9008D69C1C63AC0A00C5FC99 /* JMLSubpaths.m in Sources */ = {isa = PBXBuildFile; fileRef = 9008D69B1C63AC0A00C5FC99 /* JMLSubpaths.m */; };
		9008D6A31C63B21C00C5FC99 /* JMLLoggerColors.m in Sources */ = {isa = PBXBuildFile; fileRef = 9008D6A01C63B21B00C5FC99 /* JMLLoggerColors.m */; };
		9008D6A41C63B22400C5FC99 /* JMLLoggerColors.m in Sources */ = {isa = PBXBuildFile; fileRef = 9008D6A01C63B21B00C5FC99 /* JMLLoggerColors.m */; };
		9008D6A51C63B22500C5FC99 /* JMLLoggerColors.m in Sources */ = {isa = PBXBuildFile; fileRef = 9008D6A01C63B21B00C5FC99 /* JMLLoggerColors.m */; };
		9008D6A81C640CF500C5FC99 /* GMUSidebarTableCellView.m in Sources */ = {isa = PBXBuildFile; fileRef = 9008D6A71C640CF500C5FC99 /* GMUSidebarTableCellView.m */; };
		9008D6AB1C64193B00C5FC99 /* JMLColoredView.m in Sources */ = {isa = PBXBuildFile; fileRef = 9008D6AA1C64193B00C5FC99 /* JMLColoredView.m */; };
		900F9A531C60683800968E24 /* GMUTabViewController.m in Sources */ = {isa = PBXBuildFile; fileRef = 900F9A521C60683800968E24 /* GMUTabViewController.m */; };
		900F9A5F1C606B2200968E24 /* GMUManageViewController.m in Sources */ = {isa = PBXBuildFile; fileRef = 900F9A5D1C606B2200968E24 /* GMUManageViewController.m */; };
		900F9A601C606B2200968E24 /* GMUManageViewController.xib in Resources */ = {isa = PBXBuildFile; fileRef = 900F9A5E1C606B2200968E24 /* GMUManageViewController.xib */; };
		900F9A641C606B3200968E24 /* GMUConfigureViewController.m in Sources */ = {isa = PBXBuildFile; fileRef = 900F9A621C606B3200968E24 /* GMUConfigureViewController.m */; };
		900F9A651C606B3200968E24 /* GMUConfigureViewController.xib in Resources */ = {isa = PBXBuildFile; fileRef = 900F9A631C606B3200968E24 /* GMUConfigureViewController.xib */; };
		900F9A6A1C607ADB00968E24 /* GMURepoTableRowView.m in Sources */ = {isa = PBXBuildFile; fileRef = 900F9A691C607ADB00968E24 /* GMURepoTableRowView.m */; };
		900F9A721C60A39500968E24 /* OpenInTerminal.scpt in Resources */ = {isa = PBXBuildFile; fileRef = 900F9A701C60A39500968E24 /* OpenInTerminal.scpt */; };
		900F9A731C60A39500968E24 /* OpenIniTerm.scpt in Resources */ = {isa = PBXBuildFile; fileRef = 900F9A711C60A39500968E24 /* OpenIniTerm.scpt */; };
		900F9A741C60A3A500968E24 /* OpenInTerminal.scpt in Resources */ = {isa = PBXBuildFile; fileRef = 900F9A701C60A39500968E24 /* OpenInTerminal.scpt */; };
		900F9A751C60A3A800968E24 /* OpenIniTerm.scpt in Resources */ = {isa = PBXBuildFile; fileRef = 900F9A711C60A39500968E24 /* OpenIniTerm.scpt */; };
		900F9A781C61636200968E24 /* GMURevealInTerminalController.m in Sources */ = {isa = PBXBuildFile; fileRef = 900F9A771C61636200968E24 /* GMURevealInTerminalController.m */; };
		900F9A7B1C61806200968E24 /* NSColor+Solarized.m in Sources */ = {isa = PBXBuildFile; fileRef = 900F9A7A1C61806200968E24 /* NSColor+Solarized.m */; };
		900F9A901C6188F500968E24 /* Divider.tif in Resources */ = {isa = PBXBuildFile; fileRef = 900F9A8F1C6188F500968E24 /* Divider.tif */; };
		902868DB1C61BC3600482E16 /* GMUImageTransformer.h in Headers */ = {isa = PBXBuildFile; fileRef = 902868D91C61BC3600482E16 /* GMUImageTransformer.h */; };
		902868DC1C61BC3600482E16 /* GMUImageTransformer.m in Sources */ = {isa = PBXBuildFile; fileRef = 902868DA1C61BC3600482E16 /* GMUImageTransformer.m */; };
		902868E51C61BF9900482E16 /* GMUConfiguration+CoreDataProperties.h in Headers */ = {isa = PBXBuildFile; fileRef = 902868DD1C61BF9900482E16 /* GMUConfiguration+CoreDataProperties.h */; settings = {ATTRIBUTES = (Public, ); }; };
		902868E61C61BF9900482E16 /* GMUConfiguration+CoreDataProperties.m in Sources */ = {isa = PBXBuildFile; fileRef = 902868DE1C61BF9900482E16 /* GMUConfiguration+CoreDataProperties.m */; };
		902868E71C61BF9900482E16 /* GMUConfiguration.h in Headers */ = {isa = PBXBuildFile; fileRef = 902868DF1C61BF9900482E16 /* GMUConfiguration.h */; settings = {ATTRIBUTES = (Public, ); }; };
		902868E81C61BF9900482E16 /* GMUConfiguration.m in Sources */ = {isa = PBXBuildFile; fileRef = 902868E01C61BF9900482E16 /* GMUConfiguration.m */; };
		902868F01C61C75A00482E16 /* GMUCoreDataManagerSpec.m in Sources */ = {isa = PBXBuildFile; fileRef = 902868EF1C61C75A00482E16 /* GMUCoreDataManagerSpec.m */; };
		902CE94A1C581AF900B277EC /* GMURepoTableCellView.m in Sources */ = {isa = PBXBuildFile; fileRef = 902CE9491C581AF900B277EC /* GMURepoTableCellView.m */; };
		902CE9511C5823BB00B277EC /* ObjectiveGit.framework in Frameworks */ = {isa = PBXBuildFile; fileRef = 90451E651C52FCF900ECF88D /* ObjectiveGit.framework */; };
		902CE9551C58240A00B277EC /* ObjectiveGit.framework in Embed Frameworks */ = {isa = PBXBuildFile; fileRef = 90451E651C52FCF900ECF88D /* ObjectiveGit.framework */; settings = {ATTRIBUTES = (CodeSignOnCopy, RemoveHeadersOnCopy, ); }; };
		902CE9591C5830FA00B277EC /* GMUUtilities.m in Sources */ = {isa = PBXBuildFile; fileRef = 902CE9581C5830FA00B277EC /* GMUUtilities.m */; };
		902CE96E1C58491F00B277EC /* GMUCommitTableCellView.m in Sources */ = {isa = PBXBuildFile; fileRef = 902CE96D1C58491F00B277EC /* GMUCommitTableCellView.m */; };
		902CE9771C586C5400B277EC /* GMUDataModel.h in Headers */ = {isa = PBXBuildFile; fileRef = 902CE9761C586C5400B277EC /* GMUDataModel.h */; settings = {ATTRIBUTES = (Public, ); }; };
		902CE97E1C586C5400B277EC /* GMUDataModel.framework in Frameworks */ = {isa = PBXBuildFile; fileRef = 902CE9741C586C5400B277EC /* GMUDataModel.framework */; };
		902CE9851C586C5400B277EC /* GMUDataModelTests.m in Sources */ = {isa = PBXBuildFile; fileRef = 902CE9841C586C5400B277EC /* GMUDataModelTests.m */; };
		902CE9891C586C5400B277EC /* GMUDataModel.framework in Frameworks */ = {isa = PBXBuildFile; fileRef = 902CE9741C586C5400B277EC /* GMUDataModel.framework */; };
		902CE98A1C586C5400B277EC /* GMUDataModel.framework in Embed Frameworks */ = {isa = PBXBuildFile; fileRef = 902CE9741C586C5400B277EC /* GMUDataModel.framework */; settings = {ATTRIBUTES = (CodeSignOnCopy, RemoveHeadersOnCopy, ); }; };
		903F75941C588FB100A8495E /* Assets.xcassets in Resources */ = {isa = PBXBuildFile; fileRef = 903F75931C588FB100A8495E /* Assets.xcassets */; };
		903F75971C58903800A8495E /* GMURepoController.m in Sources */ = {isa = PBXBuildFile; fileRef = 903F75961C58903800A8495E /* GMURepoController.m */; };
		90451E821C5336ED00ECF88D /* GitMenu.entitlements in Resources */ = {isa = PBXBuildFile; fileRef = 90451E7F1C5336ED00ECF88D /* GitMenu.entitlements */; };
		90451E841C5336ED00ECF88D /* main.m in Sources */ = {isa = PBXBuildFile; fileRef = 90451E811C5336ED00ECF88D /* main.m */; };
		90451E8B1C5337FB00ECF88D /* GMUConstants.m in Sources */ = {isa = PBXBuildFile; fileRef = 90451E891C5337FB00ECF88D /* GMUConstants.m */; };
		90451E8C1C5337FB00ECF88D /* GMUConstants.m in Sources */ = {isa = PBXBuildFile; fileRef = 90451E891C5337FB00ECF88D /* GMUConstants.m */; };
		9065B96D1C52E00500854414 /* AppDelegate.m in Sources */ = {isa = PBXBuildFile; fileRef = 9065B96C1C52E00500854414 /* AppDelegate.m */; };
		9065B9721C52E00500854414 /* Assets.xcassets in Resources */ = {isa = PBXBuildFile; fileRef = 9065B9711C52E00500854414 /* Assets.xcassets */; };
		9065B9751C52E00500854414 /* MainMenu.xib in Resources */ = {isa = PBXBuildFile; fileRef = 9065B9731C52E00500854414 /* MainMenu.xib */; };
		9065B9801C52E00500854414 /* GitMenuTests.m in Sources */ = {isa = PBXBuildFile; fileRef = 9065B97F1C52E00500854414 /* GitMenuTests.m */; };
		907C8BD81C52E2BC00A09E55 /* GMUFinderSync.m in Sources */ = {isa = PBXBuildFile; fileRef = 907C8BD71C52E2BC00A09E55 /* GMUFinderSync.m */; };
		907C8BDC1C52E2BC00A09E55 /* GitFinderMenu.appex in Embed App Extensions */ = {isa = PBXBuildFile; fileRef = 907C8BD21C52E2BC00A09E55 /* GitFinderMenu.appex */; settings = {ATTRIBUTES = (RemoveHeadersOnCopy, ); }; };
		9090BF641C586CF100DD1DC0 /* GMUModel.xcdatamodeld in Sources */ = {isa = PBXBuildFile; fileRef = 9090BF571C586CF100DD1DC0 /* GMUModel.xcdatamodeld */; };
		9090BF651C586CF100DD1DC0 /* GMUManagedRepo+CoreDataProperties.h in Headers */ = {isa = PBXBuildFile; fileRef = 9090BF5A1C586CF100DD1DC0 /* GMUManagedRepo+CoreDataProperties.h */; settings = {ATTRIBUTES = (Public, ); }; };
		9090BF661C586CF100DD1DC0 /* GMUManagedRepo+CoreDataProperties.m in Sources */ = {isa = PBXBuildFile; fileRef = 9090BF5B1C586CF100DD1DC0 /* GMUManagedRepo+CoreDataProperties.m */; };
		9090BF671C586CF100DD1DC0 /* GMUManagedRepo.h in Headers */ = {isa = PBXBuildFile; fileRef = 9090BF5C1C586CF100DD1DC0 /* GMUManagedRepo.h */; settings = {ATTRIBUTES = (Public, ); }; };
		9090BF681C586CF100DD1DC0 /* GMUManagedRepo.m in Sources */ = {isa = PBXBuildFile; fileRef = 9090BF5D1C586CF100DD1DC0 /* GMUManagedRepo.m */; };
		9090BF691C586CF100DD1DC0 /* GMURepoGroup+CoreDataProperties.h in Headers */ = {isa = PBXBuildFile; fileRef = 9090BF5E1C586CF100DD1DC0 /* GMURepoGroup+CoreDataProperties.h */; settings = {ATTRIBUTES = (Public, ); }; };
		9090BF6A1C586CF100DD1DC0 /* GMURepoGroup+CoreDataProperties.m in Sources */ = {isa = PBXBuildFile; fileRef = 9090BF5F1C586CF100DD1DC0 /* GMURepoGroup+CoreDataProperties.m */; };
		9090BF6B1C586CF100DD1DC0 /* GMURepoGroup.h in Headers */ = {isa = PBXBuildFile; fileRef = 9090BF601C586CF100DD1DC0 /* GMURepoGroup.h */; settings = {ATTRIBUTES = (Public, ); }; };
		9090BF6C1C586CF100DD1DC0 /* GMURepoGroup.m in Sources */ = {isa = PBXBuildFile; fileRef = 9090BF611C586CF100DD1DC0 /* GMURepoGroup.m */; };
		9090BF6D1C586CF100DD1DC0 /* GMUCoreDataStackManager.m in Sources */ = {isa = PBXBuildFile; fileRef = 9090BF621C586CF100DD1DC0 /* GMUCoreDataStackManager.m */; };
		9090BF6E1C586CF100DD1DC0 /* GMUCoreDataStackManager.h in Headers */ = {isa = PBXBuildFile; fileRef = 9090BF631C586CF100DD1DC0 /* GMUCoreDataStackManager.h */; settings = {ATTRIBUTES = (Public, ); }; };
		9090BF761C586D9100DD1DC0 /* GMUConstants.m in Sources */ = {isa = PBXBuildFile; fileRef = 90451E891C5337FB00ECF88D /* GMUConstants.m */; };
		9090BF791C586DC000DD1DC0 /* ObjectiveGit.framework in Frameworks */ = {isa = PBXBuildFile; fileRef = 90451E651C52FCF900ECF88D /* ObjectiveGit.framework */; };
		9090BF7C1C586E7500DD1DC0 /* GMUDataModel.framework in Frameworks */ = {isa = PBXBuildFile; fileRef = 902CE9741C586C5400B277EC /* GMUDataModel.framework */; };
		9090BF7E1C586EFC00DD1DC0 /* GMUDataModel.framework in Embed Frameworks */ = {isa = PBXBuildFile; fileRef = 902CE9741C586C5400B277EC /* GMUDataModel.framework */; settings = {ATTRIBUTES = (CodeSignOnCopy, RemoveHeadersOnCopy, ); }; };
		9090BF7F1C5872B900DD1DC0 /* GMUModel.xcdatamodeld in Resources */ = {isa = PBXBuildFile; fileRef = 9090BF571C586CF100DD1DC0 /* GMUModel.xcdatamodeld */; };
		90F023251C63219200C68A76 /* GMUDetailViewController.m in Sources */ = {isa = PBXBuildFile; fileRef = 90F023231C63219200C68A76 /* GMUDetailViewController.m */; };
		90F023261C63219200C68A76 /* GMUDetailViewController.xib in Resources */ = {isa = PBXBuildFile; fileRef = 90F023241C63219200C68A76 /* GMUDetailViewController.xib */; };
		90F023321C6322B900C68A76 /* GMUDetailWindowController.m in Sources */ = {isa = PBXBuildFile; fileRef = 90F023301C6322B900C68A76 /* GMUDetailWindowController.m */; };
		90F023331C6322B900C68A76 /* GMUDetailWindowController.xib in Resources */ = {isa = PBXBuildFile; fileRef = 90F023311C6322B900C68A76 /* GMUDetailWindowController.xib */; };
		90F0233B1C6348DF00C68A76 /* GMUItem+CoreDataProperties.h in Headers */ = {isa = PBXBuildFile; fileRef = 90F023371C6348DF00C68A76 /* GMUItem+CoreDataProperties.h */; settings = {ATTRIBUTES = (Public, ); }; };
		90F0233C1C6348DF00C68A76 /* GMUItem+CoreDataProperties.m in Sources */ = {isa = PBXBuildFile; fileRef = 90F023381C6348DF00C68A76 /* GMUItem+CoreDataProperties.m */; };
		90F0233D1C6348DF00C68A76 /* GMUItem.h in Headers */ = {isa = PBXBuildFile; fileRef = 90F023391C6348DF00C68A76 /* GMUItem.h */; settings = {ATTRIBUTES = (Public, ); }; };
		90F0233E1C6348DF00C68A76 /* GMUItem.m in Sources */ = {isa = PBXBuildFile; fileRef = 90F0233A1C6348DF00C68A76 /* GMUItem.m */; };
		90F023431C634D1E00C68A76 /* GMUFavorites+CoreDataProperties.h in Headers */ = {isa = PBXBuildFile; fileRef = 90F0233F1C634D1E00C68A76 /* GMUFavorites+CoreDataProperties.h */; settings = {ATTRIBUTES = (Public, ); }; };
		90F023441C634D1E00C68A76 /* GMUFavorites+CoreDataProperties.m in Sources */ = {isa = PBXBuildFile; fileRef = 90F023401C634D1E00C68A76 /* GMUFavorites+CoreDataProperties.m */; };
		90F023451C634D1E00C68A76 /* GMUFavorites.h in Headers */ = {isa = PBXBuildFile; fileRef = 90F023411C634D1E00C68A76 /* GMUFavorites.h */; settings = {ATTRIBUTES = (Public, ); }; };
		90F023461C634D1E00C68A76 /* GMUFavorites.m in Sources */ = {isa = PBXBuildFile; fileRef = 90F023421C634D1E00C68A76 /* GMUFavorites.m */; };
		9495562233FF15D249FA2DBF /* Pods_GMUDataModelTests.framework in Frameworks */ = {isa = PBXBuildFile; fileRef = 2B1318289189F50126E63A82 /* Pods_GMUDataModelTests.framework */; };
		CFC65C84D9AD7D43995DF2A7 /* Pods_GitFinderMenu.framework in Frameworks */ = {isa = PBXBuildFile; fileRef = 06BB035D8F63A0D6019B6FA1 /* Pods_GitFinderMenu.framework */; };
		E56A2A4275610998F03287FD /* Pods_Git_GitMenu.framework in Frameworks */ = {isa = PBXBuildFile; fileRef = 04DC6703C01F071AE60534E9 /* Pods_Git_GitMenu.framework */; };
		FB699C8144075BBE721B3B7B /* Pods_GitMenu.framework in Frameworks */ = {isa = PBXBuildFile; fileRef = 2D6252744E878CE5FAFB5DE4 /* Pods_GitMenu.framework */; };
/* End PBXBuildFile section */

/* Begin PBXContainerItemProxy section */
		902CE94F1C5823B400B277EC /* PBXContainerItemProxy */ = {
			isa = PBXContainerItemProxy;
			containerPortal = 90451E591C52FCF900ECF88D /* ObjectiveGitFramework.xcodeproj */;
			proxyType = 1;
			remoteGlobalIDString = 8DC2EF4F0486A6940098B216;
			remoteInfo = "ObjectiveGit-Mac";
		};
		902CE97F1C586C5400B277EC /* PBXContainerItemProxy */ = {
			isa = PBXContainerItemProxy;
			containerPortal = 9065B9601C52E00500854414 /* Project object */;
			proxyType = 1;
			remoteGlobalIDString = 902CE9731C586C5400B277EC;
			remoteInfo = GMUDataModel;
		};
		902CE9811C586C5400B277EC /* PBXContainerItemProxy */ = {
			isa = PBXContainerItemProxy;
			containerPortal = 9065B9601C52E00500854414 /* Project object */;
			proxyType = 1;
			remoteGlobalIDString = 9065B9671C52E00500854414;
			remoteInfo = GitMenu;
		};
		902CE9871C586C5400B277EC /* PBXContainerItemProxy */ = {
			isa = PBXContainerItemProxy;
			containerPortal = 9065B9601C52E00500854414 /* Project object */;
			proxyType = 1;
			remoteGlobalIDString = 902CE9731C586C5400B277EC;
			remoteInfo = GMUDataModel;
		};
		90451E641C52FCF900ECF88D /* PBXContainerItemProxy */ = {
			isa = PBXContainerItemProxy;
			containerPortal = 90451E591C52FCF900ECF88D /* ObjectiveGitFramework.xcodeproj */;
			proxyType = 2;
			remoteGlobalIDString = 8DC2EF5B0486A6940098B216;
			remoteInfo = "ObjectiveGit-Mac";
		};
		90451E661C52FCF900ECF88D /* PBXContainerItemProxy */ = {
			isa = PBXContainerItemProxy;
			containerPortal = 90451E591C52FCF900ECF88D /* ObjectiveGitFramework.xcodeproj */;
			proxyType = 2;
			remoteGlobalIDString = 88F05A6B16011E5400B7AD1D;
			remoteInfo = "ObjectiveGit-MacTests";
		};
		90451E681C52FCF900ECF88D /* PBXContainerItemProxy */ = {
			isa = PBXContainerItemProxy;
			containerPortal = 90451E591C52FCF900ECF88D /* ObjectiveGitFramework.xcodeproj */;
			proxyType = 2;
			remoteGlobalIDString = D01B6ED319F82E2000D411BC;
			remoteInfo = "ObjectiveGit-iOS";
		};
		90451E6A1C52FCF900ECF88D /* PBXContainerItemProxy */ = {
			isa = PBXContainerItemProxy;
			containerPortal = 90451E591C52FCF900ECF88D /* ObjectiveGitFramework.xcodeproj */;
			proxyType = 2;
			remoteGlobalIDString = F879D8361B4B7F7C002D5C07;
			remoteInfo = "ObjectiveGit-iOSTests";
		};
		9065B97C1C52E00500854414 /* PBXContainerItemProxy */ = {
			isa = PBXContainerItemProxy;
			containerPortal = 9065B9601C52E00500854414 /* Project object */;
			proxyType = 1;
			remoteGlobalIDString = 9065B9671C52E00500854414;
			remoteInfo = GitMenu;
		};
		907C8BDA1C52E2BC00A09E55 /* PBXContainerItemProxy */ = {
			isa = PBXContainerItemProxy;
			containerPortal = 9065B9601C52E00500854414 /* Project object */;
			proxyType = 1;
			remoteGlobalIDString = 907C8BD11C52E2BC00A09E55;
			remoteInfo = GitFinderMenu;
		};
		9090BF771C586DB700DD1DC0 /* PBXContainerItemProxy */ = {
			isa = PBXContainerItemProxy;
			containerPortal = 90451E591C52FCF900ECF88D /* ObjectiveGitFramework.xcodeproj */;
			proxyType = 1;
			remoteGlobalIDString = 8DC2EF4F0486A6940098B216;
			remoteInfo = "ObjectiveGit-Mac";
		};
/* End PBXContainerItemProxy section */

/* Begin PBXCopyFilesBuildPhase section */
		902CE9521C5823E500B277EC /* Embed Frameworks */ = {
			isa = PBXCopyFilesBuildPhase;
			buildActionMask = 2147483647;
			dstPath = "";
			dstSubfolderSpec = 10;
			files = (
				902CE98A1C586C5400B277EC /* GMUDataModel.framework in Embed Frameworks */,
				902CE9551C58240A00B277EC /* ObjectiveGit.framework in Embed Frameworks */,
			);
			name = "Embed Frameworks";
			runOnlyForDeploymentPostprocessing = 0;
		};
		907C8BE01C52E2BC00A09E55 /* Embed App Extensions */ = {
			isa = PBXCopyFilesBuildPhase;
			buildActionMask = 2147483647;
			dstPath = "";
			dstSubfolderSpec = 13;
			files = (
				907C8BDC1C52E2BC00A09E55 /* GitFinderMenu.appex in Embed App Extensions */,
			);
			name = "Embed App Extensions";
			runOnlyForDeploymentPostprocessing = 0;
		};
		9090BF7D1C586EE900DD1DC0 /* Embed Frameworks */ = {
			isa = PBXCopyFilesBuildPhase;
			buildActionMask = 2147483647;
			dstPath = "";
			dstSubfolderSpec = 10;
			files = (
				9090BF7E1C586EFC00DD1DC0 /* GMUDataModel.framework in Embed Frameworks */,
			);
			name = "Embed Frameworks";
			runOnlyForDeploymentPostprocessing = 0;
		};
		90CAD7201C62BF1D007605D7 /* Embed XPC Services */ = {
			isa = PBXCopyFilesBuildPhase;
			buildActionMask = 2147483647;
			dstPath = "$(CONTENTS_FOLDER_PATH)/XPCServices";
			dstSubfolderSpec = 16;
			files = (
			);
			name = "Embed XPC Services";
			runOnlyForDeploymentPostprocessing = 0;
		};
/* End PBXCopyFilesBuildPhase section */

/* Begin PBXFileReference section */
		04DC6703C01F071AE60534E9 /* Pods_Git_GitMenu.framework */ = {isa = PBXFileReference; explicitFileType = wrapper.framework; includeInIndex = 0; path = Pods_Git_GitMenu.framework; sourceTree = BUILT_PRODUCTS_DIR; };
		06BB035D8F63A0D6019B6FA1 /* Pods_GitFinderMenu.framework */ = {isa = PBXFileReference; explicitFileType = wrapper.framework; includeInIndex = 0; path = Pods_GitFinderMenu.framework; sourceTree = BUILT_PRODUCTS_DIR; };
		2B1318289189F50126E63A82 /* Pods_GMUDataModelTests.framework */ = {isa = PBXFileReference; explicitFileType = wrapper.framework; includeInIndex = 0; path = Pods_GMUDataModelTests.framework; sourceTree = BUILT_PRODUCTS_DIR; };
		2D6252744E878CE5FAFB5DE4 /* Pods_GitMenu.framework */ = {isa = PBXFileReference; explicitFileType = wrapper.framework; includeInIndex = 0; path = Pods_GitMenu.framework; sourceTree = BUILT_PRODUCTS_DIR; };
		2E81490DE5FC157C937A9E59 /* Pods_Git_GMUDataModel.framework */ = {isa = PBXFileReference; explicitFileType = wrapper.framework; includeInIndex = 0; path = Pods_Git_GMUDataModel.framework; sourceTree = BUILT_PRODUCTS_DIR; };
		2F7CA9FA3CA930C80100B68D /* Pods-Git-GMUDataModel.release.xcconfig */ = {isa = PBXFileReference; includeInIndex = 1; lastKnownFileType = text.xcconfig; name = "Pods-Git-GMUDataModel.release.xcconfig"; path = "Pods/Target Support Files/Pods-Git-GMUDataModel/Pods-Git-GMUDataModel.release.xcconfig"; sourceTree = "<group>"; };
		41807AF6F06E7C019ADB272E /* Pods_GitMenuTests.framework */ = {isa = PBXFileReference; explicitFileType = wrapper.framework; includeInIndex = 0; path = Pods_GitMenuTests.framework; sourceTree = BUILT_PRODUCTS_DIR; };
		42B051072050FE6E44C0BA12 /* Pods-GMUDataModel.release.xcconfig */ = {isa = PBXFileReference; includeInIndex = 1; lastKnownFileType = text.xcconfig; name = "Pods-GMUDataModel.release.xcconfig"; path = "Pods/Target Support Files/Pods-GMUDataModel/Pods-GMUDataModel.release.xcconfig"; sourceTree = "<group>"; };
		4317576AB6CD3B5E84BFB0FE /* Pods-Git-GMUDataModel.debug.xcconfig */ = {isa = PBXFileReference; includeInIndex = 1; lastKnownFileType = text.xcconfig; name = "Pods-Git-GMUDataModel.debug.xcconfig"; path = "Pods/Target Support Files/Pods-Git-GMUDataModel/Pods-Git-GMUDataModel.debug.xcconfig"; sourceTree = "<group>"; };
		4C3A2C776FE6879B0FF5DCB3 /* Pods_Git_GitFinderMenu.framework */ = {isa = PBXFileReference; explicitFileType = wrapper.framework; includeInIndex = 0; path = Pods_Git_GitFinderMenu.framework; sourceTree = BUILT_PRODUCTS_DIR; };
		4F49D96DE631F07FE727D2C4 /* Pods-Git-GitFinderMenu.debug.xcconfig */ = {isa = PBXFileReference; includeInIndex = 1; lastKnownFileType = text.xcconfig; name = "Pods-Git-GitFinderMenu.debug.xcconfig"; path = "Pods/Target Support Files/Pods-Git-GitFinderMenu/Pods-Git-GitFinderMenu.debug.xcconfig"; sourceTree = "<group>"; };
		8B3675058FB2876D5B1D052C /* Pods-GMUDataModelTests.release.xcconfig */ = {isa = PBXFileReference; includeInIndex = 1; lastKnownFileType = text.xcconfig; name = "Pods-GMUDataModelTests.release.xcconfig"; path = "Pods/Target Support Files/Pods-GMUDataModelTests/Pods-GMUDataModelTests.release.xcconfig"; sourceTree = "<group>"; };
		8FD027E930278F7CE39E0905 /* Pods-Git-GitMenu.release.xcconfig */ = {isa = PBXFileReference; includeInIndex = 1; lastKnownFileType = text.xcconfig; name = "Pods-Git-GitMenu.release.xcconfig"; path = "Pods/Target Support Files/Pods-Git-GitMenu/Pods-Git-GitMenu.release.xcconfig"; sourceTree = "<group>"; };
		9008D69A1C63AC0A00C5FC99 /* JMLSubpaths.h */ = {isa = PBXFileReference; fileEncoding = 4; lastKnownFileType = sourcecode.c.h; path = JMLSubpaths.h; sourceTree = "<group>"; };
		9008D69B1C63AC0A00C5FC99 /* JMLSubpaths.m */ = {isa = PBXFileReference; fileEncoding = 4; lastKnownFileType = sourcecode.c.objc; path = JMLSubpaths.m; sourceTree = "<group>"; };
		9008D69F1C63B21B00C5FC99 /* JMLLoggerColors.h */ = {isa = PBXFileReference; fileEncoding = 4; lastKnownFileType = sourcecode.c.h; name = JMLLoggerColors.h; path = ../SharedCode/JMLLoggerColors.h; sourceTree = "<group>"; };
		9008D6A01C63B21B00C5FC99 /* JMLLoggerColors.m */ = {isa = PBXFileReference; fileEncoding = 4; lastKnownFileType = sourcecode.c.objc; name = JMLLoggerColors.m; path = ../SharedCode/JMLLoggerColors.m; sourceTree = "<group>"; };
		9008D6A11C63B21B00C5FC99 /* JMLLogging.h */ = {isa = PBXFileReference; fileEncoding = 4; lastKnownFileType = sourcecode.c.h; name = JMLLogging.h; path = ../SharedCode/JMLLogging.h; sourceTree = "<group>"; };
		9008D6A21C63B21C00C5FC99 /* ZAssert.h */ = {isa = PBXFileReference; fileEncoding = 4; lastKnownFileType = sourcecode.c.h; name = ZAssert.h; path = ../SharedCode/ZAssert.h; sourceTree = "<group>"; };
		9008D6A61C640CF500C5FC99 /* GMUSidebarTableCellView.h */ = {isa = PBXFileReference; fileEncoding = 4; lastKnownFileType = sourcecode.c.h; path = GMUSidebarTableCellView.h; sourceTree = "<group>"; };
		9008D6A71C640CF500C5FC99 /* GMUSidebarTableCellView.m */ = {isa = PBXFileReference; fileEncoding = 4; lastKnownFileType = sourcecode.c.objc; path = GMUSidebarTableCellView.m; sourceTree = "<group>"; };
		9008D6A91C64193B00C5FC99 /* JMLColoredView.h */ = {isa = PBXFileReference; fileEncoding = 4; lastKnownFileType = sourcecode.c.h; path = JMLColoredView.h; sourceTree = "<group>"; };
		9008D6AA1C64193B00C5FC99 /* JMLColoredView.m */ = {isa = PBXFileReference; fileEncoding = 4; lastKnownFileType = sourcecode.c.objc; path = JMLColoredView.m; sourceTree = "<group>"; };
		900D34031C52F60C007D6A46 /* GitFinderMenu-Prefix.pch */ = {isa = PBXFileReference; lastKnownFileType = sourcecode.c.h; path = "GitFinderMenu-Prefix.pch"; sourceTree = "<group>"; };
		900F9A511C60683800968E24 /* GMUTabViewController.h */ = {isa = PBXFileReference; fileEncoding = 4; lastKnownFileType = sourcecode.c.h; name = GMUTabViewController.h; path = ../Controllers/GMUTabViewController.h; sourceTree = "<group>"; };
		900F9A521C60683800968E24 /* GMUTabViewController.m */ = {isa = PBXFileReference; fileEncoding = 4; lastKnownFileType = sourcecode.c.objc; name = GMUTabViewController.m; path = ../Controllers/GMUTabViewController.m; sourceTree = "<group>"; };
		900F9A5C1C606B2200968E24 /* GMUManageViewController.h */ = {isa = PBXFileReference; fileEncoding = 4; lastKnownFileType = sourcecode.c.h; path = GMUManageViewController.h; sourceTree = "<group>"; };
		900F9A5D1C606B2200968E24 /* GMUManageViewController.m */ = {isa = PBXFileReference; fileEncoding = 4; lastKnownFileType = sourcecode.c.objc; path = GMUManageViewController.m; sourceTree = "<group>"; };
		900F9A5E1C606B2200968E24 /* GMUManageViewController.xib */ = {isa = PBXFileReference; fileEncoding = 4; lastKnownFileType = file.xib; path = GMUManageViewController.xib; sourceTree = "<group>"; };
		900F9A611C606B3200968E24 /* GMUConfigureViewController.h */ = {isa = PBXFileReference; fileEncoding = 4; lastKnownFileType = sourcecode.c.h; path = GMUConfigureViewController.h; sourceTree = "<group>"; };
		900F9A621C606B3200968E24 /* GMUConfigureViewController.m */ = {isa = PBXFileReference; fileEncoding = 4; lastKnownFileType = sourcecode.c.objc; path = GMUConfigureViewController.m; sourceTree = "<group>"; };
		900F9A631C606B3200968E24 /* GMUConfigureViewController.xib */ = {isa = PBXFileReference; fileEncoding = 4; lastKnownFileType = file.xib; path = GMUConfigureViewController.xib; sourceTree = "<group>"; };
		900F9A681C607ADB00968E24 /* GMURepoTableRowView.h */ = {isa = PBXFileReference; fileEncoding = 4; lastKnownFileType = sourcecode.c.h; path = GMURepoTableRowView.h; sourceTree = "<group>"; };
		900F9A691C607ADB00968E24 /* GMURepoTableRowView.m */ = {isa = PBXFileReference; fileEncoding = 4; lastKnownFileType = sourcecode.c.objc; path = GMURepoTableRowView.m; sourceTree = "<group>"; };
		900F9A701C60A39500968E24 /* OpenInTerminal.scpt */ = {isa = PBXFileReference; lastKnownFileType = file; path = OpenInTerminal.scpt; sourceTree = "<group>"; };
		900F9A711C60A39500968E24 /* OpenIniTerm.scpt */ = {isa = PBXFileReference; lastKnownFileType = file; path = OpenIniTerm.scpt; sourceTree = "<group>"; };
		900F9A761C61636200968E24 /* GMURevealInTerminalController.h */ = {isa = PBXFileReference; fileEncoding = 4; lastKnownFileType = sourcecode.c.h; path = GMURevealInTerminalController.h; sourceTree = "<group>"; };
		900F9A771C61636200968E24 /* GMURevealInTerminalController.m */ = {isa = PBXFileReference; fileEncoding = 4; lastKnownFileType = sourcecode.c.objc; path = GMURevealInTerminalController.m; sourceTree = "<group>"; };
		900F9A791C61806200968E24 /* NSColor+Solarized.h */ = {isa = PBXFileReference; fileEncoding = 4; lastKnownFileType = sourcecode.c.h; path = "NSColor+Solarized.h"; sourceTree = "<group>"; };
		900F9A7A1C61806200968E24 /* NSColor+Solarized.m */ = {isa = PBXFileReference; fileEncoding = 4; lastKnownFileType = sourcecode.c.objc; path = "NSColor+Solarized.m"; sourceTree = "<group>"; };
		900F9A8F1C6188F500968E24 /* Divider.tif */ = {isa = PBXFileReference; lastKnownFileType = image.tiff; path = Divider.tif; sourceTree = "<group>"; };
		902868D91C61BC3600482E16 /* GMUImageTransformer.h */ = {isa = PBXFileReference; fileEncoding = 4; lastKnownFileType = sourcecode.c.h; path = GMUImageTransformer.h; sourceTree = "<group>"; };
		902868DA1C61BC3600482E16 /* GMUImageTransformer.m */ = {isa = PBXFileReference; fileEncoding = 4; lastKnownFileType = sourcecode.c.objc; path = GMUImageTransformer.m; sourceTree = "<group>"; };
		902868DD1C61BF9900482E16 /* GMUConfiguration+CoreDataProperties.h */ = {isa = PBXFileReference; fileEncoding = 4; lastKnownFileType = sourcecode.c.h; path = "GMUConfiguration+CoreDataProperties.h"; sourceTree = "<group>"; };
		902868DE1C61BF9900482E16 /* GMUConfiguration+CoreDataProperties.m */ = {isa = PBXFileReference; fileEncoding = 4; lastKnownFileType = sourcecode.c.objc; path = "GMUConfiguration+CoreDataProperties.m"; sourceTree = "<group>"; };
		902868DF1C61BF9900482E16 /* GMUConfiguration.h */ = {isa = PBXFileReference; fileEncoding = 4; lastKnownFileType = sourcecode.c.h; path = GMUConfiguration.h; sourceTree = "<group>"; };
		902868E01C61BF9900482E16 /* GMUConfiguration.m */ = {isa = PBXFileReference; fileEncoding = 4; lastKnownFileType = sourcecode.c.objc; path = GMUConfiguration.m; sourceTree = "<group>"; };
		902868EF1C61C75A00482E16 /* GMUCoreDataManagerSpec.m */ = {isa = PBXFileReference; fileEncoding = 4; lastKnownFileType = sourcecode.c.objc; path = GMUCoreDataManagerSpec.m; sourceTree = "<group>"; };
		902CE9481C581AF900B277EC /* GMURepoTableCellView.h */ = {isa = PBXFileReference; fileEncoding = 4; lastKnownFileType = sourcecode.c.h; path = GMURepoTableCellView.h; sourceTree = "<group>"; };
		902CE9491C581AF900B277EC /* GMURepoTableCellView.m */ = {isa = PBXFileReference; fileEncoding = 4; lastKnownFileType = sourcecode.c.objc; path = GMURepoTableCellView.m; sourceTree = "<group>"; };
		902CE94D1C581D9E00B277EC /* EXTKeyPathCoding.h */ = {isa = PBXFileReference; fileEncoding = 4; lastKnownFileType = sourcecode.c.h; name = EXTKeyPathCoding.h; path = ../SharedCode/libextobjc/EXTKeyPathCoding.h; sourceTree = "<group>"; };
		902CE94E1C581D9E00B277EC /* metamacros.h */ = {isa = PBXFileReference; fileEncoding = 4; lastKnownFileType = sourcecode.c.h; name = metamacros.h; path = ../SharedCode/libextobjc/metamacros.h; sourceTree = "<group>"; };
		902CE9571C5830FA00B277EC /* GMUUtilities.h */ = {isa = PBXFileReference; fileEncoding = 4; lastKnownFileType = sourcecode.c.h; name = GMUUtilities.h; path = Shared/GMUUtilities.h; sourceTree = "<group>"; };
		902CE9581C5830FA00B277EC /* GMUUtilities.m */ = {isa = PBXFileReference; fileEncoding = 4; lastKnownFileType = sourcecode.c.objc; name = GMUUtilities.m; path = Shared/GMUUtilities.m; sourceTree = "<group>"; };
		902CE96C1C58491F00B277EC /* GMUCommitTableCellView.h */ = {isa = PBXFileReference; fileEncoding = 4; lastKnownFileType = sourcecode.c.h; path = GMUCommitTableCellView.h; sourceTree = "<group>"; };
		902CE96D1C58491F00B277EC /* GMUCommitTableCellView.m */ = {isa = PBXFileReference; fileEncoding = 4; lastKnownFileType = sourcecode.c.objc; path = GMUCommitTableCellView.m; sourceTree = "<group>"; };
		902CE9741C586C5400B277EC /* GMUDataModel.framework */ = {isa = PBXFileReference; explicitFileType = wrapper.framework; includeInIndex = 0; path = GMUDataModel.framework; sourceTree = BUILT_PRODUCTS_DIR; };
		902CE9761C586C5400B277EC /* GMUDataModel.h */ = {isa = PBXFileReference; lastKnownFileType = sourcecode.c.h; path = GMUDataModel.h; sourceTree = "<group>"; };
		902CE9781C586C5400B277EC /* Info.plist */ = {isa = PBXFileReference; lastKnownFileType = text.plist.xml; path = Info.plist; sourceTree = "<group>"; };
		902CE97D1C586C5400B277EC /* GMUDataModelTests.xctest */ = {isa = PBXFileReference; explicitFileType = wrapper.cfbundle; includeInIndex = 0; path = GMUDataModelTests.xctest; sourceTree = BUILT_PRODUCTS_DIR; };
		902CE9841C586C5400B277EC /* GMUDataModelTests.m */ = {isa = PBXFileReference; lastKnownFileType = sourcecode.c.objc; path = GMUDataModelTests.m; sourceTree = "<group>"; };
		902CE9861C586C5400B277EC /* Info.plist */ = {isa = PBXFileReference; lastKnownFileType = text.plist.xml; path = Info.plist; sourceTree = "<group>"; };
		903F75931C588FB100A8495E /* Assets.xcassets */ = {isa = PBXFileReference; lastKnownFileType = folder.assetcatalog; path = Assets.xcassets; sourceTree = "<group>"; };
		903F75951C58903800A8495E /* GMURepoController.h */ = {isa = PBXFileReference; fileEncoding = 4; lastKnownFileType = sourcecode.c.h; path = GMURepoController.h; sourceTree = "<group>"; };
		903F75961C58903800A8495E /* GMURepoController.m */ = {isa = PBXFileReference; fileEncoding = 4; lastKnownFileType = sourcecode.c.objc; path = GMURepoController.m; sourceTree = "<group>"; };
		90451E591C52FCF900ECF88D /* ObjectiveGitFramework.xcodeproj */ = {isa = PBXFileReference; lastKnownFileType = "wrapper.pb-project"; name = ObjectiveGitFramework.xcodeproj; path = External/ObjectiveGit/ObjectiveGitFramework.xcodeproj; sourceTree = "<group>"; };
		90451E7E1C5336ED00ECF88D /* GitMenu-Prefix.pch */ = {isa = PBXFileReference; fileEncoding = 4; lastKnownFileType = sourcecode.c.h; path = "GitMenu-Prefix.pch"; sourceTree = "<group>"; };
		90451E7F1C5336ED00ECF88D /* GitMenu.entitlements */ = {isa = PBXFileReference; fileEncoding = 4; lastKnownFileType = text.xml; path = GitMenu.entitlements; sourceTree = "<group>"; };
		90451E801C5336ED00ECF88D /* Info.plist */ = {isa = PBXFileReference; fileEncoding = 4; lastKnownFileType = text.plist.xml; path = Info.plist; sourceTree = "<group>"; };
		90451E811C5336ED00ECF88D /* main.m */ = {isa = PBXFileReference; fileEncoding = 4; lastKnownFileType = sourcecode.c.objc; path = main.m; sourceTree = "<group>"; };
		90451E891C5337FB00ECF88D /* GMUConstants.m */ = {isa = PBXFileReference; fileEncoding = 4; lastKnownFileType = sourcecode.c.objc; name = GMUConstants.m; path = Shared/GMUConstants.m; sourceTree = "<group>"; };
		90451E8F1C53381500ECF88D /* GMUConstants.h */ = {isa = PBXFileReference; lastKnownFileType = sourcecode.c.h; name = GMUConstants.h; path = Shared/GMUConstants.h; sourceTree = "<group>"; };
		9065B9681C52E00500854414 /* GitMenu.app */ = {isa = PBXFileReference; explicitFileType = wrapper.application; includeInIndex = 0; path = GitMenu.app; sourceTree = BUILT_PRODUCTS_DIR; };
		9065B96B1C52E00500854414 /* AppDelegate.h */ = {isa = PBXFileReference; lastKnownFileType = sourcecode.c.h; path = AppDelegate.h; sourceTree = "<group>"; };
		9065B96C1C52E00500854414 /* AppDelegate.m */ = {isa = PBXFileReference; lastKnownFileType = sourcecode.c.objc; path = AppDelegate.m; sourceTree = "<group>"; };
		9065B9711C52E00500854414 /* Assets.xcassets */ = {isa = PBXFileReference; lastKnownFileType = folder.assetcatalog; path = Assets.xcassets; sourceTree = "<group>"; };
		9065B9741C52E00500854414 /* Base */ = {isa = PBXFileReference; lastKnownFileType = file.xib; name = Base; path = Base.lproj/MainMenu.xib; sourceTree = "<group>"; };
		9065B97B1C52E00500854414 /* GitMenuTests.xctest */ = {isa = PBXFileReference; explicitFileType = wrapper.cfbundle; includeInIndex = 0; path = GitMenuTests.xctest; sourceTree = BUILT_PRODUCTS_DIR; };
		9065B97F1C52E00500854414 /* GitMenuTests.m */ = {isa = PBXFileReference; lastKnownFileType = sourcecode.c.objc; path = GitMenuTests.m; sourceTree = "<group>"; };
		9065B9811C52E00500854414 /* Info.plist */ = {isa = PBXFileReference; lastKnownFileType = text.plist.xml; path = Info.plist; sourceTree = "<group>"; };
		907C8BD21C52E2BC00A09E55 /* GitFinderMenu.appex */ = {isa = PBXFileReference; explicitFileType = "wrapper.app-extension"; includeInIndex = 0; path = GitFinderMenu.appex; sourceTree = BUILT_PRODUCTS_DIR; };
		907C8BD51C52E2BC00A09E55 /* GitFinderMenu.entitlements */ = {isa = PBXFileReference; lastKnownFileType = text.xml; path = GitFinderMenu.entitlements; sourceTree = "<group>"; };
		907C8BD61C52E2BC00A09E55 /* GMUFinderSync.h */ = {isa = PBXFileReference; lastKnownFileType = sourcecode.c.h; path = GMUFinderSync.h; sourceTree = "<group>"; };
		907C8BD71C52E2BC00A09E55 /* GMUFinderSync.m */ = {isa = PBXFileReference; lastKnownFileType = sourcecode.c.objc; path = GMUFinderSync.m; sourceTree = "<group>"; };
		907C8BD91C52E2BC00A09E55 /* Info.plist */ = {isa = PBXFileReference; lastKnownFileType = text.plist.xml; path = Info.plist; sourceTree = "<group>"; };
		9090BF581C586CF100DD1DC0 /* GMUModel.xcdatamodel */ = {isa = PBXFileReference; lastKnownFileType = wrapper.xcdatamodel; path = GMUModel.xcdatamodel; sourceTree = "<group>"; };
		9090BF5A1C586CF100DD1DC0 /* GMUManagedRepo+CoreDataProperties.h */ = {isa = PBXFileReference; fileEncoding = 4; lastKnownFileType = sourcecode.c.h; path = "GMUManagedRepo+CoreDataProperties.h"; sourceTree = "<group>"; };
		9090BF5B1C586CF100DD1DC0 /* GMUManagedRepo+CoreDataProperties.m */ = {isa = PBXFileReference; fileEncoding = 4; lastKnownFileType = sourcecode.c.objc; path = "GMUManagedRepo+CoreDataProperties.m"; sourceTree = "<group>"; };
		9090BF5C1C586CF100DD1DC0 /* GMUManagedRepo.h */ = {isa = PBXFileReference; fileEncoding = 4; lastKnownFileType = sourcecode.c.h; path = GMUManagedRepo.h; sourceTree = "<group>"; };
		9090BF5D1C586CF100DD1DC0 /* GMUManagedRepo.m */ = {isa = PBXFileReference; fileEncoding = 4; lastKnownFileType = sourcecode.c.objc; path = GMUManagedRepo.m; sourceTree = "<group>"; };
		9090BF5E1C586CF100DD1DC0 /* GMURepoGroup+CoreDataProperties.h */ = {isa = PBXFileReference; fileEncoding = 4; lastKnownFileType = sourcecode.c.h; path = "GMURepoGroup+CoreDataProperties.h"; sourceTree = "<group>"; };
		9090BF5F1C586CF100DD1DC0 /* GMURepoGroup+CoreDataProperties.m */ = {isa = PBXFileReference; fileEncoding = 4; lastKnownFileType = sourcecode.c.objc; path = "GMURepoGroup+CoreDataProperties.m"; sourceTree = "<group>"; };
		9090BF601C586CF100DD1DC0 /* GMURepoGroup.h */ = {isa = PBXFileReference; fileEncoding = 4; lastKnownFileType = sourcecode.c.h; path = GMURepoGroup.h; sourceTree = "<group>"; };
		9090BF611C586CF100DD1DC0 /* GMURepoGroup.m */ = {isa = PBXFileReference; fileEncoding = 4; lastKnownFileType = sourcecode.c.objc; path = GMURepoGroup.m; sourceTree = "<group>"; };
		9090BF621C586CF100DD1DC0 /* GMUCoreDataStackManager.m */ = {isa = PBXFileReference; fileEncoding = 4; lastKnownFileType = sourcecode.c.objc; path = GMUCoreDataStackManager.m; sourceTree = "<group>"; };
		9090BF631C586CF100DD1DC0 /* GMUCoreDataStackManager.h */ = {isa = PBXFileReference; fileEncoding = 4; lastKnownFileType = sourcecode.c.h; path = GMUCoreDataStackManager.h; sourceTree = "<group>"; };
		90CAD7131C62BF1D007605D7 /* GMUSyncServiceProtocol.h */ = {isa = PBXFileReference; lastKnownFileType = sourcecode.c.h; path = GMUSyncServiceProtocol.h; sourceTree = "<group>"; };
		90CAD7141C62BF1D007605D7 /* GMUSyncService.h */ = {isa = PBXFileReference; lastKnownFileType = sourcecode.c.h; path = GMUSyncService.h; sourceTree = "<group>"; };
		90CAD7151C62BF1D007605D7 /* GMUSyncService.m */ = {isa = PBXFileReference; lastKnownFileType = sourcecode.c.objc; path = GMUSyncService.m; sourceTree = "<group>"; };
		90CAD7171C62BF1D007605D7 /* main.m */ = {isa = PBXFileReference; lastKnownFileType = sourcecode.c.objc; path = main.m; sourceTree = "<group>"; };
		90CAD7191C62BF1D007605D7 /* Info.plist */ = {isa = PBXFileReference; lastKnownFileType = text.plist.xml; path = Info.plist; sourceTree = "<group>"; };
		90F023221C63219200C68A76 /* GMUDetailViewController.h */ = {isa = PBXFileReference; fileEncoding = 4; lastKnownFileType = sourcecode.c.h; path = GMUDetailViewController.h; sourceTree = "<group>"; };
		90F023231C63219200C68A76 /* GMUDetailViewController.m */ = {isa = PBXFileReference; fileEncoding = 4; lastKnownFileType = sourcecode.c.objc; path = GMUDetailViewController.m; sourceTree = "<group>"; };
		90F023241C63219200C68A76 /* GMUDetailViewController.xib */ = {isa = PBXFileReference; fileEncoding = 4; lastKnownFileType = file.xib; path = GMUDetailViewController.xib; sourceTree = "<group>"; };
		90F0232F1C6322B900C68A76 /* GMUDetailWindowController.h */ = {isa = PBXFileReference; fileEncoding = 4; lastKnownFileType = sourcecode.c.h; path = GMUDetailWindowController.h; sourceTree = "<group>"; };
		90F023301C6322B900C68A76 /* GMUDetailWindowController.m */ = {isa = PBXFileReference; fileEncoding = 4; lastKnownFileType = sourcecode.c.objc; path = GMUDetailWindowController.m; sourceTree = "<group>"; };
		90F023311C6322B900C68A76 /* GMUDetailWindowController.xib */ = {isa = PBXFileReference; fileEncoding = 4; lastKnownFileType = file.xib; path = GMUDetailWindowController.xib; sourceTree = "<group>"; };
		90F023371C6348DF00C68A76 /* GMUItem+CoreDataProperties.h */ = {isa = PBXFileReference; fileEncoding = 4; lastKnownFileType = sourcecode.c.h; path = "GMUItem+CoreDataProperties.h"; sourceTree = "<group>"; };
		90F023381C6348DF00C68A76 /* GMUItem+CoreDataProperties.m */ = {isa = PBXFileReference; fileEncoding = 4; lastKnownFileType = sourcecode.c.objc; path = "GMUItem+CoreDataProperties.m"; sourceTree = "<group>"; };
		90F023391C6348DF00C68A76 /* GMUItem.h */ = {isa = PBXFileReference; fileEncoding = 4; lastKnownFileType = sourcecode.c.h; path = GMUItem.h; sourceTree = "<group>"; };
		90F0233A1C6348DF00C68A76 /* GMUItem.m */ = {isa = PBXFileReference; fileEncoding = 4; lastKnownFileType = sourcecode.c.objc; path = GMUItem.m; sourceTree = "<group>"; };
		90F0233F1C634D1E00C68A76 /* GMUFavorites+CoreDataProperties.h */ = {isa = PBXFileReference; fileEncoding = 4; lastKnownFileType = sourcecode.c.h; path = "GMUFavorites+CoreDataProperties.h"; sourceTree = "<group>"; };
		90F023401C634D1E00C68A76 /* GMUFavorites+CoreDataProperties.m */ = {isa = PBXFileReference; fileEncoding = 4; lastKnownFileType = sourcecode.c.objc; path = "GMUFavorites+CoreDataProperties.m"; sourceTree = "<group>"; };
		90F023411C634D1E00C68A76 /* GMUFavorites.h */ = {isa = PBXFileReference; fileEncoding = 4; lastKnownFileType = sourcecode.c.h; path = GMUFavorites.h; sourceTree = "<group>"; };
		90F023421C634D1E00C68A76 /* GMUFavorites.m */ = {isa = PBXFileReference; fileEncoding = 4; lastKnownFileType = sourcecode.c.objc; path = GMUFavorites.m; sourceTree = "<group>"; };
		9D5C5506FD12FC389377D0F5 /* Pods-GMUDataModelTests.debug.xcconfig */ = {isa = PBXFileReference; includeInIndex = 1; lastKnownFileType = text.xcconfig; name = "Pods-GMUDataModelTests.debug.xcconfig"; path = "Pods/Target Support Files/Pods-GMUDataModelTests/Pods-GMUDataModelTests.debug.xcconfig"; sourceTree = "<group>"; };
		AC3B7974A1987EE3E9A01840 /* Pods-GitMenu.debug.xcconfig */ = {isa = PBXFileReference; includeInIndex = 1; lastKnownFileType = text.xcconfig; name = "Pods-GitMenu.debug.xcconfig"; path = "Pods/Target Support Files/Pods-GitMenu/Pods-GitMenu.debug.xcconfig"; sourceTree = "<group>"; };
		B236C9D4B89B50433BA83D32 /* Pods-GitFinderMenu.release.xcconfig */ = {isa = PBXFileReference; includeInIndex = 1; lastKnownFileType = text.xcconfig; name = "Pods-GitFinderMenu.release.xcconfig"; path = "Pods/Target Support Files/Pods-GitFinderMenu/Pods-GitFinderMenu.release.xcconfig"; sourceTree = "<group>"; };
		BCA2739CFE04F90D23D57E26 /* Pods-GMUDataModel.debug.xcconfig */ = {isa = PBXFileReference; includeInIndex = 1; lastKnownFileType = text.xcconfig; name = "Pods-GMUDataModel.debug.xcconfig"; path = "Pods/Target Support Files/Pods-GMUDataModel/Pods-GMUDataModel.debug.xcconfig"; sourceTree = "<group>"; };
		BE85C15F72EAF0CCE1C92282 /* Pods-GitMenuTests.release.xcconfig */ = {isa = PBXFileReference; includeInIndex = 1; lastKnownFileType = text.xcconfig; name = "Pods-GitMenuTests.release.xcconfig"; path = "Pods/Target Support Files/Pods-GitMenuTests/Pods-GitMenuTests.release.xcconfig"; sourceTree = "<group>"; };
		C42C748C7C292A4B883D835B /* Pods_GMUDataModel.framework */ = {isa = PBXFileReference; explicitFileType = wrapper.framework; includeInIndex = 0; path = Pods_GMUDataModel.framework; sourceTree = BUILT_PRODUCTS_DIR; };
		C70946D52F286EDC50D60504 /* Pods-GitMenuTests.debug.xcconfig */ = {isa = PBXFileReference; includeInIndex = 1; lastKnownFileType = text.xcconfig; name = "Pods-GitMenuTests.debug.xcconfig"; path = "Pods/Target Support Files/Pods-GitMenuTests/Pods-GitMenuTests.debug.xcconfig"; sourceTree = "<group>"; };
		D564F2DF8FB11B5AEC93EAD7 /* Pods-GitFinderMenu.debug.xcconfig */ = {isa = PBXFileReference; includeInIndex = 1; lastKnownFileType = text.xcconfig; name = "Pods-GitFinderMenu.debug.xcconfig"; path = "Pods/Target Support Files/Pods-GitFinderMenu/Pods-GitFinderMenu.debug.xcconfig"; sourceTree = "<group>"; };
		DAB696C48045F3D8412755B0 /* Pods-Git-GitMenu.debug.xcconfig */ = {isa = PBXFileReference; includeInIndex = 1; lastKnownFileType = text.xcconfig; name = "Pods-Git-GitMenu.debug.xcconfig"; path = "Pods/Target Support Files/Pods-Git-GitMenu/Pods-Git-GitMenu.debug.xcconfig"; sourceTree = "<group>"; };
		E06E3971DD7293D11096C8E5 /* Pods-Git-GitFinderMenu.release.xcconfig */ = {isa = PBXFileReference; includeInIndex = 1; lastKnownFileType = text.xcconfig; name = "Pods-Git-GitFinderMenu.release.xcconfig"; path = "Pods/Target Support Files/Pods-Git-GitFinderMenu/Pods-Git-GitFinderMenu.release.xcconfig"; sourceTree = "<group>"; };
		FDBE968B4606313243C507EB /* Pods-GitMenu.release.xcconfig */ = {isa = PBXFileReference; includeInIndex = 1; lastKnownFileType = text.xcconfig; name = "Pods-GitMenu.release.xcconfig"; path = "Pods/Target Support Files/Pods-GitMenu/Pods-GitMenu.release.xcconfig"; sourceTree = "<group>"; };
/* End PBXFileReference section */

/* Begin PBXFrameworksBuildPhase section */
		902CE9701C586C5400B277EC /* Frameworks */ = {
			isa = PBXFrameworksBuildPhase;
			buildActionMask = 2147483647;
			files = (
				9090BF791C586DC000DD1DC0 /* ObjectiveGit.framework in Frameworks */,
				87048197B9A11D3433F34116 /* Pods_GMUDataModel.framework in Frameworks */,
				076A4A5966D0FFD0BB56854E /* Pods_Git_GMUDataModel.framework in Frameworks */,
			);
			runOnlyForDeploymentPostprocessing = 0;
		};
		902CE97A1C586C5400B277EC /* Frameworks */ = {
			isa = PBXFrameworksBuildPhase;
			buildActionMask = 2147483647;
			files = (
				902CE97E1C586C5400B277EC /* GMUDataModel.framework in Frameworks */,
				9495562233FF15D249FA2DBF /* Pods_GMUDataModelTests.framework in Frameworks */,
			);
			runOnlyForDeploymentPostprocessing = 0;
		};
		9065B9651C52E00500854414 /* Frameworks */ = {
			isa = PBXFrameworksBuildPhase;
			buildActionMask = 2147483647;
			files = (
				902CE9511C5823BB00B277EC /* ObjectiveGit.framework in Frameworks */,
				902CE9891C586C5400B277EC /* GMUDataModel.framework in Frameworks */,
				FB699C8144075BBE721B3B7B /* Pods_GitMenu.framework in Frameworks */,
				E56A2A4275610998F03287FD /* Pods_Git_GitMenu.framework in Frameworks */,
			);
			runOnlyForDeploymentPostprocessing = 0;
		};
		9065B9781C52E00500854414 /* Frameworks */ = {
			isa = PBXFrameworksBuildPhase;
			buildActionMask = 2147483647;
			files = (
				22542754275B61B9B5A23866 /* Pods_GitMenuTests.framework in Frameworks */,
			);
			runOnlyForDeploymentPostprocessing = 0;
		};
		907C8BCF1C52E2BC00A09E55 /* Frameworks */ = {
			isa = PBXFrameworksBuildPhase;
			buildActionMask = 2147483647;
			files = (
				9090BF7C1C586E7500DD1DC0 /* GMUDataModel.framework in Frameworks */,
				CFC65C84D9AD7D43995DF2A7 /* Pods_GitFinderMenu.framework in Frameworks */,
				30F55E8EF5987740B159C990 /* Pods_Git_GitFinderMenu.framework in Frameworks */,
			);
			runOnlyForDeploymentPostprocessing = 0;
		};
/* End PBXFrameworksBuildPhase section */

/* Begin PBXGroup section */
		40C317BF75DEC924ECF879D6 /* Pods */ = {
			isa = PBXGroup;
			children = (
				AC3B7974A1987EE3E9A01840 /* Pods-GitMenu.debug.xcconfig */,
				FDBE968B4606313243C507EB /* Pods-GitMenu.release.xcconfig */,
				C70946D52F286EDC50D60504 /* Pods-GitMenuTests.debug.xcconfig */,
				BE85C15F72EAF0CCE1C92282 /* Pods-GitMenuTests.release.xcconfig */,
				D564F2DF8FB11B5AEC93EAD7 /* Pods-GitFinderMenu.debug.xcconfig */,
				B236C9D4B89B50433BA83D32 /* Pods-GitFinderMenu.release.xcconfig */,
				BCA2739CFE04F90D23D57E26 /* Pods-GMUDataModel.debug.xcconfig */,
				42B051072050FE6E44C0BA12 /* Pods-GMUDataModel.release.xcconfig */,
				9D5C5506FD12FC389377D0F5 /* Pods-GMUDataModelTests.debug.xcconfig */,
				8B3675058FB2876D5B1D052C /* Pods-GMUDataModelTests.release.xcconfig */,
				4317576AB6CD3B5E84BFB0FE /* Pods-Git-GMUDataModel.debug.xcconfig */,
				2F7CA9FA3CA930C80100B68D /* Pods-Git-GMUDataModel.release.xcconfig */,
				4F49D96DE631F07FE727D2C4 /* Pods-Git-GitFinderMenu.debug.xcconfig */,
				E06E3971DD7293D11096C8E5 /* Pods-Git-GitFinderMenu.release.xcconfig */,
				DAB696C48045F3D8412755B0 /* Pods-Git-GitMenu.debug.xcconfig */,
				8FD027E930278F7CE39E0905 /* Pods-Git-GitMenu.release.xcconfig */,
			);
			name = Pods;
			sourceTree = "<group>";
		};
		8C3FB9C967A59025BC74C226 /* Frameworks */ = {
			isa = PBXGroup;
			children = (
				90451E591C52FCF900ECF88D /* ObjectiveGitFramework.xcodeproj */,
				C42C748C7C292A4B883D835B /* Pods_GMUDataModel.framework */,
				2B1318289189F50126E63A82 /* Pods_GMUDataModelTests.framework */,
				06BB035D8F63A0D6019B6FA1 /* Pods_GitFinderMenu.framework */,
				2D6252744E878CE5FAFB5DE4 /* Pods_GitMenu.framework */,
				41807AF6F06E7C019ADB272E /* Pods_GitMenuTests.framework */,
				2E81490DE5FC157C937A9E59 /* Pods_Git_GMUDataModel.framework */,
				4C3A2C776FE6879B0FF5DCB3 /* Pods_Git_GitFinderMenu.framework */,
				04DC6703C01F071AE60534E9 /* Pods_Git_GitMenu.framework */,
			);
			name = Frameworks;
			sourceTree = "<group>";
		};
		900F9A5B1C606ADD00968E24 /* User Interface */ = {
			isa = PBXGroup;
			children = (
				9065B9731C52E00500854414 /* MainMenu.xib */,
				900F9A511C60683800968E24 /* GMUTabViewController.h */,
				900F9A521C60683800968E24 /* GMUTabViewController.m */,
				900F9A671C606B3E00968E24 /* Manage */,
				900F9A661C606B3500968E24 /* Configure */,
				90F0232E1C6322A100C68A76 /* Details */,
			);
			path = "User Interface";
			sourceTree = "<group>";
		};
		900F9A661C606B3500968E24 /* Configure */ = {
			isa = PBXGroup;
			children = (
				900F9A611C606B3200968E24 /* GMUConfigureViewController.h */,
				900F9A621C606B3200968E24 /* GMUConfigureViewController.m */,
				900F9A631C606B3200968E24 /* GMUConfigureViewController.xib */,
			);
			name = Configure;
			sourceTree = "<group>";
		};
		900F9A671C606B3E00968E24 /* Manage */ = {
			isa = PBXGroup;
			children = (
				900F9A5C1C606B2200968E24 /* GMUManageViewController.h */,
				900F9A5D1C606B2200968E24 /* GMUManageViewController.m */,
				900F9A5E1C606B2200968E24 /* GMUManageViewController.xib */,
				900F9A761C61636200968E24 /* GMURevealInTerminalController.h */,
				900F9A771C61636200968E24 /* GMURevealInTerminalController.m */,
			);
			name = Manage;
			sourceTree = "<group>";
		};
		902868BF1C61BBD100482E16 /* Configuration */ = {
			isa = PBXGroup;
			children = (
				90F0233F1C634D1E00C68A76 /* GMUFavorites+CoreDataProperties.h */,
				90F023401C634D1E00C68A76 /* GMUFavorites+CoreDataProperties.m */,
				90F023411C634D1E00C68A76 /* GMUFavorites.h */,
				90F023421C634D1E00C68A76 /* GMUFavorites.m */,
				902868DD1C61BF9900482E16 /* GMUConfiguration+CoreDataProperties.h */,
				902868DE1C61BF9900482E16 /* GMUConfiguration+CoreDataProperties.m */,
				902868DF1C61BF9900482E16 /* GMUConfiguration.h */,
				902868E01C61BF9900482E16 /* GMUConfiguration.m */,
			);
			path = Configuration;
			sourceTree = "<group>";
		};
		902868D81C61BC2200482E16 /* Helpers */ = {
			isa = PBXGroup;
			children = (
				902868D91C61BC3600482E16 /* GMUImageTransformer.h */,
				902868DA1C61BC3600482E16 /* GMUImageTransformer.m */,
			);
			path = Helpers;
			sourceTree = "<group>";
		};
		902CE9471C581ACF00B277EC /* Views */ = {
			isa = PBXGroup;
			children = (
				902CE9481C581AF900B277EC /* GMURepoTableCellView.h */,
				902CE9491C581AF900B277EC /* GMURepoTableCellView.m */,
				902CE96C1C58491F00B277EC /* GMUCommitTableCellView.h */,
				902CE96D1C58491F00B277EC /* GMUCommitTableCellView.m */,
				900F9A681C607ADB00968E24 /* GMURepoTableRowView.h */,
				900F9A691C607ADB00968E24 /* GMURepoTableRowView.m */,
				9008D6A61C640CF500C5FC99 /* GMUSidebarTableCellView.h */,
				9008D6A71C640CF500C5FC99 /* GMUSidebarTableCellView.m */,
				9008D6A91C64193B00C5FC99 /* JMLColoredView.h */,
				9008D6AA1C64193B00C5FC99 /* JMLColoredView.m */,
			);
			path = Views;
			sourceTree = "<group>";
		};
		902CE9751C586C5400B277EC /* GMUDataModel */ = {
			isa = PBXGroup;
			children = (
				902868D81C61BC2200482E16 /* Helpers */,
				902CE9761C586C5400B277EC /* GMUDataModel.h */,
				9090BF621C586CF100DD1DC0 /* GMUCoreDataStackManager.m */,
				9090BF631C586CF100DD1DC0 /* GMUCoreDataStackManager.h */,
				9090BF571C586CF100DD1DC0 /* GMUModel.xcdatamodeld */,
				9090BF591C586CF100DD1DC0 /* Models */,
				902868BF1C61BBD100482E16 /* Configuration */,
				902CE9781C586C5400B277EC /* Info.plist */,
			);
			path = GMUDataModel;
			sourceTree = "<group>";
		};
		902CE9831C586C5400B277EC /* GMUDataModelTests */ = {
			isa = PBXGroup;
			children = (
				902CE9841C586C5400B277EC /* GMUDataModelTests.m */,
				902CE9861C586C5400B277EC /* Info.plist */,
				902868EF1C61C75A00482E16 /* GMUCoreDataManagerSpec.m */,
			);
			path = GMUDataModelTests;
			sourceTree = "<group>";
		};
		90451E2D1C52F74E00ECF88D /* Utilities */ = {
			isa = PBXGroup;
			children = (
				900F9A791C61806200968E24 /* NSColor+Solarized.h */,
				900F9A7A1C61806200968E24 /* NSColor+Solarized.m */,
				90451E8F1C53381500ECF88D /* GMUConstants.h */,
				90451E891C5337FB00ECF88D /* GMUConstants.m */,
				902CE9571C5830FA00B277EC /* GMUUtilities.h */,
				902CE9581C5830FA00B277EC /* GMUUtilities.m */,
				9008D69A1C63AC0A00C5FC99 /* JMLSubpaths.h */,
				9008D69B1C63AC0A00C5FC99 /* JMLSubpaths.m */,
				9008D69F1C63B21B00C5FC99 /* JMLLoggerColors.h */,
				9008D6A01C63B21B00C5FC99 /* JMLLoggerColors.m */,
			);
			name = Utilities;
			sourceTree = "<group>";
		};
		90451E2E1C52F75700ECF88D /* Headers */ = {
			isa = PBXGroup;
			children = (
				9008D6A11C63B21B00C5FC99 /* JMLLogging.h */,
				9008D6A21C63B21C00C5FC99 /* ZAssert.h */,
				902CE94D1C581D9E00B277EC /* EXTKeyPathCoding.h */,
				902CE94E1C581D9E00B277EC /* metamacros.h */,
			);
			name = Headers;
			sourceTree = "<group>";
		};
		90451E5A1C52FCF900ECF88D /* Products */ = {
			isa = PBXGroup;
			children = (
				90451E651C52FCF900ECF88D /* ObjectiveGit.framework */,
				90451E671C52FCF900ECF88D /* ObjectiveGit-MacTests.xctest */,
				90451E691C52FCF900ECF88D /* ObjectiveGit.framework */,
				90451E6B1C52FCF900ECF88D /* ObjectiveGit-iOSTests.xctest */,
			);
			name = Products;
			sourceTree = "<group>";
		};
		90451E7D1C5336ED00ECF88D /* Supporting Files */ = {
			isa = PBXGroup;
			children = (
				900F9A8F1C6188F500968E24 /* Divider.tif */,
				900F9A701C60A39500968E24 /* OpenInTerminal.scpt */,
				900F9A711C60A39500968E24 /* OpenIniTerm.scpt */,
				90451E7E1C5336ED00ECF88D /* GitMenu-Prefix.pch */,
				90451E7F1C5336ED00ECF88D /* GitMenu.entitlements */,
				90451E801C5336ED00ECF88D /* Info.plist */,
				90451E811C5336ED00ECF88D /* main.m */,
			);
			path = "Supporting Files";
			sourceTree = "<group>";
		};
		9065B95F1C52E00500854414 = {
			isa = PBXGroup;
			children = (
				907C8BCA1C52E0D000A09E55 /* Shared */,
				9065B96A1C52E00500854414 /* GitMenu */,
				9065B97E1C52E00500854414 /* GitMenuTests */,
				907C8BD31C52E2BC00A09E55 /* GitFinderMenu */,
				902CE9751C586C5400B277EC /* GMUDataModel */,
				902CE9831C586C5400B277EC /* GMUDataModelTests */,
				90CAD7121C62BF1D007605D7 /* GMUSyncService */,
				9065B9691C52E00500854414 /* Products */,
				40C317BF75DEC924ECF879D6 /* Pods */,
				8C3FB9C967A59025BC74C226 /* Frameworks */,
			);
			sourceTree = "<group>";
		};
		9065B9691C52E00500854414 /* Products */ = {
			isa = PBXGroup;
			children = (
				9065B9681C52E00500854414 /* GitMenu.app */,
				9065B97B1C52E00500854414 /* GitMenuTests.xctest */,
				907C8BD21C52E2BC00A09E55 /* GitFinderMenu.appex */,
				902CE9741C586C5400B277EC /* GMUDataModel.framework */,
				902CE97D1C586C5400B277EC /* GMUDataModelTests.xctest */,
			);
			name = Products;
			sourceTree = "<group>";
		};
		9065B96A1C52E00500854414 /* GitMenu */ = {
			isa = PBXGroup;
			children = (
				9065B96B1C52E00500854414 /* AppDelegate.h */,
				9065B96C1C52E00500854414 /* AppDelegate.m */,
				9065B9711C52E00500854414 /* Assets.xcassets */,
				902CE9471C581ACF00B277EC /* Views */,
				900F9A5B1C606ADD00968E24 /* User Interface */,
				90451E7D1C5336ED00ECF88D /* Supporting Files */,
			);
			path = GitMenu;
			sourceTree = "<group>";
		};
		9065B97E1C52E00500854414 /* GitMenuTests */ = {
			isa = PBXGroup;
			children = (
				9065B97F1C52E00500854414 /* GitMenuTests.m */,
				9065B9811C52E00500854414 /* Info.plist */,
			);
			path = GitMenuTests;
			sourceTree = "<group>";
		};
		907C8BCA1C52E0D000A09E55 /* Shared */ = {
			isa = PBXGroup;
			children = (
				90451E2D1C52F74E00ECF88D /* Utilities */,
				90451E2E1C52F75700ECF88D /* Headers */,
			);
			name = Shared;
			sourceTree = "<group>";
		};
		907C8BD31C52E2BC00A09E55 /* GitFinderMenu */ = {
			isa = PBXGroup;
			children = (
				907C8BD61C52E2BC00A09E55 /* GMUFinderSync.h */,
				907C8BD71C52E2BC00A09E55 /* GMUFinderSync.m */,
				903F75951C58903800A8495E /* GMURepoController.h */,
				903F75961C58903800A8495E /* GMURepoController.m */,
				907C8BD41C52E2BC00A09E55 /* Supporting Files */,
			);
			path = GitFinderMenu;
			sourceTree = "<group>";
		};
		907C8BD41C52E2BC00A09E55 /* Supporting Files */ = {
			isa = PBXGroup;
			children = (
				903F75931C588FB100A8495E /* Assets.xcassets */,
				900D34031C52F60C007D6A46 /* GitFinderMenu-Prefix.pch */,
				907C8BD91C52E2BC00A09E55 /* Info.plist */,
				907C8BD51C52E2BC00A09E55 /* GitFinderMenu.entitlements */,
			);
			name = "Supporting Files";
			sourceTree = "<group>";
		};
		9090BF591C586CF100DD1DC0 /* Models */ = {
			isa = PBXGroup;
			children = (
				90F023371C6348DF00C68A76 /* GMUItem+CoreDataProperties.h */,
				90F023381C6348DF00C68A76 /* GMUItem+CoreDataProperties.m */,
				90F023391C6348DF00C68A76 /* GMUItem.h */,
				90F0233A1C6348DF00C68A76 /* GMUItem.m */,
				9090BF5A1C586CF100DD1DC0 /* GMUManagedRepo+CoreDataProperties.h */,
				9090BF5B1C586CF100DD1DC0 /* GMUManagedRepo+CoreDataProperties.m */,
				9090BF5C1C586CF100DD1DC0 /* GMUManagedRepo.h */,
				9090BF5D1C586CF100DD1DC0 /* GMUManagedRepo.m */,
				9090BF5E1C586CF100DD1DC0 /* GMURepoGroup+CoreDataProperties.h */,
				9090BF5F1C586CF100DD1DC0 /* GMURepoGroup+CoreDataProperties.m */,
				9090BF601C586CF100DD1DC0 /* GMURepoGroup.h */,
				9090BF611C586CF100DD1DC0 /* GMURepoGroup.m */,
			);
			path = Models;
			sourceTree = "<group>";
		};
		90CAD7121C62BF1D007605D7 /* GMUSyncService */ = {
			isa = PBXGroup;
			children = (
				90CAD7131C62BF1D007605D7 /* GMUSyncServiceProtocol.h */,
				90CAD7141C62BF1D007605D7 /* GMUSyncService.h */,
				90CAD7151C62BF1D007605D7 /* GMUSyncService.m */,
				90CAD7171C62BF1D007605D7 /* main.m */,
				90CAD7191C62BF1D007605D7 /* Info.plist */,
			);
			path = GMUSyncService;
			sourceTree = "<group>";
		};
		90F0232E1C6322A100C68A76 /* Details */ = {
			isa = PBXGroup;
			children = (
				90F023221C63219200C68A76 /* GMUDetailViewController.h */,
				90F023231C63219200C68A76 /* GMUDetailViewController.m */,
				90F023241C63219200C68A76 /* GMUDetailViewController.xib */,
				90F0232F1C6322B900C68A76 /* GMUDetailWindowController.h */,
				90F023301C6322B900C68A76 /* GMUDetailWindowController.m */,
				90F023311C6322B900C68A76 /* GMUDetailWindowController.xib */,
			);
			name = Details;
			sourceTree = "<group>";
		};
/* End PBXGroup section */

/* Begin PBXHeadersBuildPhase section */
		902CE9711C586C5400B277EC /* Headers */ = {
			isa = PBXHeadersBuildPhase;
			buildActionMask = 2147483647;
			files = (
				9090BF651C586CF100DD1DC0 /* GMUManagedRepo+CoreDataProperties.h in Headers */,
				9090BF6B1C586CF100DD1DC0 /* GMURepoGroup.h in Headers */,
				9090BF671C586CF100DD1DC0 /* GMUManagedRepo.h in Headers */,
				9090BF691C586CF100DD1DC0 /* GMURepoGroup+CoreDataProperties.h in Headers */,
				9090BF6E1C586CF100DD1DC0 /* GMUCoreDataStackManager.h in Headers */,
				90F0233B1C6348DF00C68A76 /* GMUItem+CoreDataProperties.h in Headers */,
				90F0233D1C6348DF00C68A76 /* GMUItem.h in Headers */,
				902868E71C61BF9900482E16 /* GMUConfiguration.h in Headers */,
				902CE9771C586C5400B277EC /* GMUDataModel.h in Headers */,
				902868E51C61BF9900482E16 /* GMUConfiguration+CoreDataProperties.h in Headers */,
				90F023431C634D1E00C68A76 /* GMUFavorites+CoreDataProperties.h in Headers */,
				902868DB1C61BC3600482E16 /* GMUImageTransformer.h in Headers */,
				90F023451C634D1E00C68A76 /* GMUFavorites.h in Headers */,
			);
			runOnlyForDeploymentPostprocessing = 0;
		};
/* End PBXHeadersBuildPhase section */

/* Begin PBXNativeTarget section */
		902CE9731C586C5400B277EC /* GMUDataModel */ = {
			isa = PBXNativeTarget;
			buildConfigurationList = 902CE98B1C586C5400B277EC /* Build configuration list for PBXNativeTarget "GMUDataModel" */;
			buildPhases = (
				93E25888EEAF8E83B5C3FD10 /* Check Pods Manifest.lock */,
				902CE96F1C586C5400B277EC /* Sources */,
				902CE9701C586C5400B277EC /* Frameworks */,
				902CE9711C586C5400B277EC /* Headers */,
				902CE9721C586C5400B277EC /* Resources */,
				052382296A5ACF320D036992 /* Copy Pods Resources */,
			);
			buildRules = (
			);
			dependencies = (
				9090BF781C586DB700DD1DC0 /* PBXTargetDependency */,
			);
			name = GMUDataModel;
			productName = GMUDataModel;
			productReference = 902CE9741C586C5400B277EC /* GMUDataModel.framework */;
			productType = "com.apple.product-type.framework";
		};
		902CE97C1C586C5400B277EC /* GMUDataModelTests */ = {
			isa = PBXNativeTarget;
			buildConfigurationList = 902CE98E1C586C5400B277EC /* Build configuration list for PBXNativeTarget "GMUDataModelTests" */;
			buildPhases = (
				60B217B0A401A579BD942FEE /* Check Pods Manifest.lock */,
				902CE9791C586C5400B277EC /* Sources */,
				902CE97A1C586C5400B277EC /* Frameworks */,
				902CE97B1C586C5400B277EC /* Resources */,
				8BD38BBEE53CF2E7596B2F0F /* Embed Pods Frameworks */,
				59B160A194259B225819D079 /* Copy Pods Resources */,
			);
			buildRules = (
			);
			dependencies = (
				902CE9801C586C5400B277EC /* PBXTargetDependency */,
				902CE9821C586C5400B277EC /* PBXTargetDependency */,
			);
			name = GMUDataModelTests;
			productName = GMUDataModelTests;
			productReference = 902CE97D1C586C5400B277EC /* GMUDataModelTests.xctest */;
			productType = "com.apple.product-type.bundle.unit-test";
		};
		9065B9671C52E00500854414 /* GitMenu */ = {
			isa = PBXNativeTarget;
			buildConfigurationList = 9065B9841C52E00500854414 /* Build configuration list for PBXNativeTarget "GitMenu" */;
			buildPhases = (
				41EC685DE065135C5F25AC4F /* Check Pods Manifest.lock */,
				9065B9641C52E00500854414 /* Sources */,
				9065B9651C52E00500854414 /* Frameworks */,
				9065B9661C52E00500854414 /* Resources */,
				902CE9521C5823E500B277EC /* Embed Frameworks */,
				7F818467C6C73E6BB65E45C3 /* Embed Pods Frameworks */,
				EBD6F66EC911EE44D3A2D127 /* Copy Pods Resources */,
				907C8BE01C52E2BC00A09E55 /* Embed App Extensions */,
				90CAD7201C62BF1D007605D7 /* Embed XPC Services */,
			);
			buildRules = (
			);
			dependencies = (
				902CE9501C5823B400B277EC /* PBXTargetDependency */,
				902CE9881C586C5400B277EC /* PBXTargetDependency */,
				907C8BDB1C52E2BC00A09E55 /* PBXTargetDependency */,
			);
			name = GitMenu;
			productName = GitMenu;
			productReference = 9065B9681C52E00500854414 /* GitMenu.app */;
			productType = "com.apple.product-type.application";
		};
		9065B97A1C52E00500854414 /* GitMenuTests */ = {
			isa = PBXNativeTarget;
			buildConfigurationList = 9065B9871C52E00500854414 /* Build configuration list for PBXNativeTarget "GitMenuTests" */;
			buildPhases = (
				0E4B348213604C402B5999F4 /* Check Pods Manifest.lock */,
				9065B9771C52E00500854414 /* Sources */,
				9065B9781C52E00500854414 /* Frameworks */,
				9065B9791C52E00500854414 /* Resources */,
				AA3B8BA94DEBC91407123F0C /* Embed Pods Frameworks */,
				BB6E0696C39531FAA0BCFC29 /* Copy Pods Resources */,
			);
			buildRules = (
			);
			dependencies = (
				9065B97D1C52E00500854414 /* PBXTargetDependency */,
			);
			name = GitMenuTests;
			productName = GitMenuTests;
			productReference = 9065B97B1C52E00500854414 /* GitMenuTests.xctest */;
			productType = "com.apple.product-type.bundle.unit-test";
		};
		907C8BD11C52E2BC00A09E55 /* GitFinderMenu */ = {
			isa = PBXNativeTarget;
			buildConfigurationList = 907C8BDD1C52E2BC00A09E55 /* Build configuration list for PBXNativeTarget "GitFinderMenu" */;
			buildPhases = (
				FBC785E1D9161A967A65DE0E /* Check Pods Manifest.lock */,
				907C8BCE1C52E2BC00A09E55 /* Sources */,
				907C8BCF1C52E2BC00A09E55 /* Frameworks */,
				907C8BD01C52E2BC00A09E55 /* Resources */,
				9090BF7D1C586EE900DD1DC0 /* Embed Frameworks */,
				71F2416CC19F592CE9449521 /* Embed Pods Frameworks */,
				9D1583A78AB71F6E013D5F3B /* Copy Pods Resources */,
			);
			buildRules = (
			);
			dependencies = (
			);
			name = GitFinderMenu;
			productName = GitFinderMenu;
			productReference = 907C8BD21C52E2BC00A09E55 /* GitFinderMenu.appex */;
			productType = "com.apple.product-type.app-extension";
		};
/* End PBXNativeTarget section */

/* Begin PBXProject section */
		9065B9601C52E00500854414 /* Project object */ = {
			isa = PBXProject;
			attributes = {
				LastUpgradeCheck = 0720;
				ORGANIZATIONNAME = "J. Morgan Lieberthal";
				TargetAttributes = {
					902CE9731C586C5400B277EC = {
						CreatedOnToolsVersion = 7.2;
						DevelopmentTeam = 3U2NGGAGS7;
					};
					902CE97C1C586C5400B277EC = {
						CreatedOnToolsVersion = 7.2;
						TestTargetID = 9065B9671C52E00500854414;
					};
					9065B9671C52E00500854414 = {
						CreatedOnToolsVersion = 7.2;
						DevelopmentTeam = 3U2NGGAGS7;
						SystemCapabilities = {
							com.apple.ApplicationGroups.Mac = {
								enabled = 1;
							};
						};
					};
					9065B97A1C52E00500854414 = {
						CreatedOnToolsVersion = 7.2;
						TestTargetID = 9065B9671C52E00500854414;
					};
					907C8BD11C52E2BC00A09E55 = {
						CreatedOnToolsVersion = 7.2;
						DevelopmentTeam = 3U2NGGAGS7;
						SystemCapabilities = {
							com.apple.ApplicationGroups.Mac = {
								enabled = 1;
							};
							com.apple.Sandbox = {
								enabled = 1;
							};
						};
					};
				};
			};
			buildConfigurationList = 9065B9631C52E00500854414 /* Build configuration list for PBXProject "GitMenu" */;
			compatibilityVersion = "Xcode 3.2";
			developmentRegion = English;
			hasScannedForEncodings = 0;
			knownRegions = (
				en,
				Base,
			);
			mainGroup = 9065B95F1C52E00500854414;
			productRefGroup = 9065B9691C52E00500854414 /* Products */;
			projectDirPath = "";
			projectReferences = (
				{
					ProductGroup = 90451E5A1C52FCF900ECF88D /* Products */;
					ProjectRef = 90451E591C52FCF900ECF88D /* ObjectiveGitFramework.xcodeproj */;
				},
			);
			projectRoot = "";
			targets = (
				9065B9671C52E00500854414 /* GitMenu */,
				9065B97A1C52E00500854414 /* GitMenuTests */,
				907C8BD11C52E2BC00A09E55 /* GitFinderMenu */,
				902CE9731C586C5400B277EC /* GMUDataModel */,
				902CE97C1C586C5400B277EC /* GMUDataModelTests */,
			);
		};
/* End PBXProject section */

/* Begin PBXReferenceProxy section */
		90451E651C52FCF900ECF88D /* ObjectiveGit.framework */ = {
			isa = PBXReferenceProxy;
			fileType = wrapper.framework;
			path = ObjectiveGit.framework;
			remoteRef = 90451E641C52FCF900ECF88D /* PBXContainerItemProxy */;
			sourceTree = BUILT_PRODUCTS_DIR;
		};
		90451E671C52FCF900ECF88D /* ObjectiveGit-MacTests.xctest */ = {
			isa = PBXReferenceProxy;
			fileType = wrapper.cfbundle;
			path = "ObjectiveGit-MacTests.xctest";
			remoteRef = 90451E661C52FCF900ECF88D /* PBXContainerItemProxy */;
			sourceTree = BUILT_PRODUCTS_DIR;
		};
		90451E691C52FCF900ECF88D /* ObjectiveGit.framework */ = {
			isa = PBXReferenceProxy;
			fileType = wrapper.framework;
			path = ObjectiveGit.framework;
			remoteRef = 90451E681C52FCF900ECF88D /* PBXContainerItemProxy */;
			sourceTree = BUILT_PRODUCTS_DIR;
		};
		90451E6B1C52FCF900ECF88D /* ObjectiveGit-iOSTests.xctest */ = {
			isa = PBXReferenceProxy;
			fileType = wrapper.cfbundle;
			path = "ObjectiveGit-iOSTests.xctest";
			remoteRef = 90451E6A1C52FCF900ECF88D /* PBXContainerItemProxy */;
			sourceTree = BUILT_PRODUCTS_DIR;
		};
/* End PBXReferenceProxy section */

/* Begin PBXResourcesBuildPhase section */
		902CE9721C586C5400B277EC /* Resources */ = {
			isa = PBXResourcesBuildPhase;
			buildActionMask = 2147483647;
			files = (
				9090BF7F1C5872B900DD1DC0 /* GMUModel.xcdatamodeld in Resources */,
			);
			runOnlyForDeploymentPostprocessing = 0;
		};
		902CE97B1C586C5400B277EC /* Resources */ = {
			isa = PBXResourcesBuildPhase;
			buildActionMask = 2147483647;
			files = (
			);
			runOnlyForDeploymentPostprocessing = 0;
		};
		9065B9661C52E00500854414 /* Resources */ = {
			isa = PBXResourcesBuildPhase;
			buildActionMask = 2147483647;
			files = (
				9065B9721C52E00500854414 /* Assets.xcassets in Resources */,
				900F9A901C6188F500968E24 /* Divider.tif in Resources */,
				900F9A731C60A39500968E24 /* OpenIniTerm.scpt in Resources */,
				9065B9751C52E00500854414 /* MainMenu.xib in Resources */,
				90451E821C5336ED00ECF88D /* GitMenu.entitlements in Resources */,
				90F023261C63219200C68A76 /* GMUDetailViewController.xib in Resources */,
				90F023331C6322B900C68A76 /* GMUDetailWindowController.xib in Resources */,
				900F9A601C606B2200968E24 /* GMUManageViewController.xib in Resources */,
				900F9A721C60A39500968E24 /* OpenInTerminal.scpt in Resources */,
				900F9A651C606B3200968E24 /* GMUConfigureViewController.xib in Resources */,
			);
			runOnlyForDeploymentPostprocessing = 0;
		};
		9065B9791C52E00500854414 /* Resources */ = {
			isa = PBXResourcesBuildPhase;
			buildActionMask = 2147483647;
			files = (
			);
			runOnlyForDeploymentPostprocessing = 0;
		};
		907C8BD01C52E2BC00A09E55 /* Resources */ = {
			isa = PBXResourcesBuildPhase;
			buildActionMask = 2147483647;
			files = (
				900F9A741C60A3A500968E24 /* OpenInTerminal.scpt in Resources */,
				903F75941C588FB100A8495E /* Assets.xcassets in Resources */,
				900F9A751C60A3A800968E24 /* OpenIniTerm.scpt in Resources */,
			);
			runOnlyForDeploymentPostprocessing = 0;
		};
/* End PBXResourcesBuildPhase section */

/* Begin PBXShellScriptBuildPhase section */
		052382296A5ACF320D036992 /* Copy Pods Resources */ = {
			isa = PBXShellScriptBuildPhase;
			buildActionMask = 2147483647;
			files = (
			);
			inputPaths = (
			);
			name = "Copy Pods Resources";
			outputPaths = (
			);
			runOnlyForDeploymentPostprocessing = 0;
			shellPath = /bin/sh;
			shellScript = "\"${SRCROOT}/Pods/Target Support Files/Pods-Git-GMUDataModel/Pods-Git-GMUDataModel-resources.sh\"\n";
			showEnvVarsInLog = 0;
		};
		0E4B348213604C402B5999F4 /* Check Pods Manifest.lock */ = {
			isa = PBXShellScriptBuildPhase;
			buildActionMask = 2147483647;
			files = (
			);
			inputPaths = (
			);
			name = "Check Pods Manifest.lock";
			outputPaths = (
			);
			runOnlyForDeploymentPostprocessing = 0;
			shellPath = /bin/sh;
			shellScript = "diff \"${PODS_ROOT}/../Podfile.lock\" \"${PODS_ROOT}/Manifest.lock\" > /dev/null\nif [[ $? != 0 ]] ; then\n    cat << EOM\nerror: The sandbox is not in sync with the Podfile.lock. Run 'pod install' or update your CocoaPods installation.\nEOM\n    exit 1\nfi\n";
			showEnvVarsInLog = 0;
		};
		41EC685DE065135C5F25AC4F /* Check Pods Manifest.lock */ = {
			isa = PBXShellScriptBuildPhase;
			buildActionMask = 2147483647;
			files = (
			);
			inputPaths = (
			);
			name = "Check Pods Manifest.lock";
			outputPaths = (
			);
			runOnlyForDeploymentPostprocessing = 0;
			shellPath = /bin/sh;
			shellScript = "diff \"${PODS_ROOT}/../Podfile.lock\" \"${PODS_ROOT}/Manifest.lock\" > /dev/null\nif [[ $? != 0 ]] ; then\n    cat << EOM\nerror: The sandbox is not in sync with the Podfile.lock. Run 'pod install' or update your CocoaPods installation.\nEOM\n    exit 1\nfi\n";
			showEnvVarsInLog = 0;
		};
		59B160A194259B225819D079 /* Copy Pods Resources */ = {
			isa = PBXShellScriptBuildPhase;
			buildActionMask = 2147483647;
			files = (
			);
			inputPaths = (
			);
			name = "Copy Pods Resources";
			outputPaths = (
			);
			runOnlyForDeploymentPostprocessing = 0;
			shellPath = /bin/sh;
			shellScript = "\"${SRCROOT}/Pods/Target Support Files/Pods-GMUDataModelTests/Pods-GMUDataModelTests-resources.sh\"\n";
			showEnvVarsInLog = 0;
		};
		60B217B0A401A579BD942FEE /* Check Pods Manifest.lock */ = {
			isa = PBXShellScriptBuildPhase;
			buildActionMask = 2147483647;
			files = (
			);
			inputPaths = (
			);
			name = "Check Pods Manifest.lock";
			outputPaths = (
			);
			runOnlyForDeploymentPostprocessing = 0;
			shellPath = /bin/sh;
			shellScript = "diff \"${PODS_ROOT}/../Podfile.lock\" \"${PODS_ROOT}/Manifest.lock\" > /dev/null\nif [[ $? != 0 ]] ; then\n    cat << EOM\nerror: The sandbox is not in sync with the Podfile.lock. Run 'pod install' or update your CocoaPods installation.\nEOM\n    exit 1\nfi\n";
			showEnvVarsInLog = 0;
		};
		71F2416CC19F592CE9449521 /* Embed Pods Frameworks */ = {
			isa = PBXShellScriptBuildPhase;
			buildActionMask = 2147483647;
			files = (
			);
			inputPaths = (
			);
			name = "Embed Pods Frameworks";
			outputPaths = (
			);
			runOnlyForDeploymentPostprocessing = 0;
			shellPath = /bin/sh;
			shellScript = "\"${SRCROOT}/Pods/Target Support Files/Pods-Git-GitFinderMenu/Pods-Git-GitFinderMenu-frameworks.sh\"\n";
			showEnvVarsInLog = 0;
		};
		7F818467C6C73E6BB65E45C3 /* Embed Pods Frameworks */ = {
			isa = PBXShellScriptBuildPhase;
			buildActionMask = 2147483647;
			files = (
			);
			inputPaths = (
			);
			name = "Embed Pods Frameworks";
			outputPaths = (
			);
			runOnlyForDeploymentPostprocessing = 0;
			shellPath = /bin/sh;
			shellScript = "\"${SRCROOT}/Pods/Target Support Files/Pods-Git-GitMenu/Pods-Git-GitMenu-frameworks.sh\"\n";
			showEnvVarsInLog = 0;
		};
		8BD38BBEE53CF2E7596B2F0F /* Embed Pods Frameworks */ = {
			isa = PBXShellScriptBuildPhase;
			buildActionMask = 2147483647;
			files = (
			);
			inputPaths = (
			);
			name = "Embed Pods Frameworks";
			outputPaths = (
			);
			runOnlyForDeploymentPostprocessing = 0;
			shellPath = /bin/sh;
			shellScript = "\"${SRCROOT}/Pods/Target Support Files/Pods-GMUDataModelTests/Pods-GMUDataModelTests-frameworks.sh\"\n";
			showEnvVarsInLog = 0;
		};
		93E25888EEAF8E83B5C3FD10 /* Check Pods Manifest.lock */ = {
			isa = PBXShellScriptBuildPhase;
			buildActionMask = 2147483647;
			files = (
			);
			inputPaths = (
			);
			name = "Check Pods Manifest.lock";
			outputPaths = (
			);
			runOnlyForDeploymentPostprocessing = 0;
			shellPath = /bin/sh;
			shellScript = "diff \"${PODS_ROOT}/../Podfile.lock\" \"${PODS_ROOT}/Manifest.lock\" > /dev/null\nif [[ $? != 0 ]] ; then\n    cat << EOM\nerror: The sandbox is not in sync with the Podfile.lock. Run 'pod install' or update your CocoaPods installation.\nEOM\n    exit 1\nfi\n";
			showEnvVarsInLog = 0;
		};
		9D1583A78AB71F6E013D5F3B /* Copy Pods Resources */ = {
			isa = PBXShellScriptBuildPhase;
			buildActionMask = 2147483647;
			files = (
			);
			inputPaths = (
			);
			name = "Copy Pods Resources";
			outputPaths = (
			);
			runOnlyForDeploymentPostprocessing = 0;
			shellPath = /bin/sh;
			shellScript = "\"${SRCROOT}/Pods/Target Support Files/Pods-Git-GitFinderMenu/Pods-Git-GitFinderMenu-resources.sh\"\n";
			showEnvVarsInLog = 0;
		};
		AA3B8BA94DEBC91407123F0C /* Embed Pods Frameworks */ = {
			isa = PBXShellScriptBuildPhase;
			buildActionMask = 2147483647;
			files = (
			);
			inputPaths = (
			);
			name = "Embed Pods Frameworks";
			outputPaths = (
			);
			runOnlyForDeploymentPostprocessing = 0;
			shellPath = /bin/sh;
			shellScript = "\"${SRCROOT}/Pods/Target Support Files/Pods-GitMenuTests/Pods-GitMenuTests-frameworks.sh\"\n";
			showEnvVarsInLog = 0;
		};
		BB6E0696C39531FAA0BCFC29 /* Copy Pods Resources */ = {
			isa = PBXShellScriptBuildPhase;
			buildActionMask = 2147483647;
			files = (
			);
			inputPaths = (
			);
			name = "Copy Pods Resources";
			outputPaths = (
			);
			runOnlyForDeploymentPostprocessing = 0;
			shellPath = /bin/sh;
			shellScript = "\"${SRCROOT}/Pods/Target Support Files/Pods-GitMenuTests/Pods-GitMenuTests-resources.sh\"\n";
			showEnvVarsInLog = 0;
		};
		EBD6F66EC911EE44D3A2D127 /* Copy Pods Resources */ = {
			isa = PBXShellScriptBuildPhase;
			buildActionMask = 2147483647;
			files = (
			);
			inputPaths = (
			);
			name = "Copy Pods Resources";
			outputPaths = (
			);
			runOnlyForDeploymentPostprocessing = 0;
			shellPath = /bin/sh;
			shellScript = "\"${SRCROOT}/Pods/Target Support Files/Pods-Git-GitMenu/Pods-Git-GitMenu-resources.sh\"\n";
			showEnvVarsInLog = 0;
		};
		FBC785E1D9161A967A65DE0E /* Check Pods Manifest.lock */ = {
			isa = PBXShellScriptBuildPhase;
			buildActionMask = 2147483647;
			files = (
			);
			inputPaths = (
			);
			name = "Check Pods Manifest.lock";
			outputPaths = (
			);
			runOnlyForDeploymentPostprocessing = 0;
			shellPath = /bin/sh;
			shellScript = "diff \"${PODS_ROOT}/../Podfile.lock\" \"${PODS_ROOT}/Manifest.lock\" > /dev/null\nif [[ $? != 0 ]] ; then\n    cat << EOM\nerror: The sandbox is not in sync with the Podfile.lock. Run 'pod install' or update your CocoaPods installation.\nEOM\n    exit 1\nfi\n";
			showEnvVarsInLog = 0;
		};
/* End PBXShellScriptBuildPhase section */

/* Begin PBXSourcesBuildPhase section */
		902CE96F1C586C5400B277EC /* Sources */ = {
			isa = PBXSourcesBuildPhase;
			buildActionMask = 2147483647;
			files = (
				9090BF641C586CF100DD1DC0 /* GMUModel.xcdatamodeld in Sources */,
				902868DC1C61BC3600482E16 /* GMUImageTransformer.m in Sources */,
				90F023441C634D1E00C68A76 /* GMUFavorites+CoreDataProperties.m in Sources */,
				902868E81C61BF9900482E16 /* GMUConfiguration.m in Sources */,
				90F0233C1C6348DF00C68A76 /* GMUItem+CoreDataProperties.m in Sources */,
				902868E61C61BF9900482E16 /* GMUConfiguration+CoreDataProperties.m in Sources */,
				9090BF6D1C586CF100DD1DC0 /* GMUCoreDataStackManager.m in Sources */,
				90F023461C634D1E00C68A76 /* GMUFavorites.m in Sources */,
				9090BF6C1C586CF100DD1DC0 /* GMURepoGroup.m in Sources */,
				9008D6A51C63B22500C5FC99 /* JMLLoggerColors.m in Sources */,
				9090BF761C586D9100DD1DC0 /* GMUConstants.m in Sources */,
				90F0233E1C6348DF00C68A76 /* GMUItem.m in Sources */,
				9090BF6A1C586CF100DD1DC0 /* GMURepoGroup+CoreDataProperties.m in Sources */,
				9090BF661C586CF100DD1DC0 /* GMUManagedRepo+CoreDataProperties.m in Sources */,
				9090BF681C586CF100DD1DC0 /* GMUManagedRepo.m in Sources */,
			);
			runOnlyForDeploymentPostprocessing = 0;
		};
		902CE9791C586C5400B277EC /* Sources */ = {
			isa = PBXSourcesBuildPhase;
			buildActionMask = 2147483647;
			files = (
				902CE9851C586C5400B277EC /* GMUDataModelTests.m in Sources */,
				902868F01C61C75A00482E16 /* GMUCoreDataManagerSpec.m in Sources */,
			);
			runOnlyForDeploymentPostprocessing = 0;
		};
		9065B9641C52E00500854414 /* Sources */ = {
			isa = PBXSourcesBuildPhase;
			buildActionMask = 2147483647;
			files = (
				900F9A531C60683800968E24 /* GMUTabViewController.m in Sources */,
				90451E841C5336ED00ECF88D /* main.m in Sources */,
				900F9A6A1C607ADB00968E24 /* GMURepoTableRowView.m in Sources */,
				902CE9591C5830FA00B277EC /* GMUUtilities.m in Sources */,
				902CE96E1C58491F00B277EC /* GMUCommitTableCellView.m in Sources */,
				900F9A5F1C606B2200968E24 /* GMUManageViewController.m in Sources */,
				900F9A781C61636200968E24 /* GMURevealInTerminalController.m in Sources */,
				9008D6A31C63B21C00C5FC99 /* JMLLoggerColors.m in Sources */,
				900F9A641C606B3200968E24 /* GMUConfigureViewController.m in Sources */,
				902CE94A1C581AF900B277EC /* GMURepoTableCellView.m in Sources */,
				90F023321C6322B900C68A76 /* GMUDetailWindowController.m in Sources */,
				9065B96D1C52E00500854414 /* AppDelegate.m in Sources */,
				9008D69C1C63AC0A00C5FC99 /* JMLSubpaths.m in Sources */,
				900F9A7B1C61806200968E24 /* NSColor+Solarized.m in Sources */,
				90451E8B1C5337FB00ECF88D /* GMUConstants.m in Sources */,
				9008D6AB1C64193B00C5FC99 /* JMLColoredView.m in Sources */,
				90F023251C63219200C68A76 /* GMUDetailViewController.m in Sources */,
				9008D6A81C640CF500C5FC99 /* GMUSidebarTableCellView.m in Sources */,
			);
			runOnlyForDeploymentPostprocessing = 0;
		};
		9065B9771C52E00500854414 /* Sources */ = {
			isa = PBXSourcesBuildPhase;
			buildActionMask = 2147483647;
			files = (
				9065B9801C52E00500854414 /* GitMenuTests.m in Sources */,
			);
			runOnlyForDeploymentPostprocessing = 0;
		};
		907C8BCE1C52E2BC00A09E55 /* Sources */ = {
			isa = PBXSourcesBuildPhase;
			buildActionMask = 2147483647;
			files = (
				903F75971C58903800A8495E /* GMURepoController.m in Sources */,
				9008D6A41C63B22400C5FC99 /* JMLLoggerColors.m in Sources */,
				907C8BD81C52E2BC00A09E55 /* GMUFinderSync.m in Sources */,
				90451E8C1C5337FB00ECF88D /* GMUConstants.m in Sources */,
			);
			runOnlyForDeploymentPostprocessing = 0;
		};
/* End PBXSourcesBuildPhase section */

/* Begin PBXTargetDependency section */
		902CE9501C5823B400B277EC /* PBXTargetDependency */ = {
			isa = PBXTargetDependency;
			name = "ObjectiveGit-Mac";
			targetProxy = 902CE94F1C5823B400B277EC /* PBXContainerItemProxy */;
		};
		902CE9801C586C5400B277EC /* PBXTargetDependency */ = {
			isa = PBXTargetDependency;
			target = 902CE9731C586C5400B277EC /* GMUDataModel */;
			targetProxy = 902CE97F1C586C5400B277EC /* PBXContainerItemProxy */;
		};
		902CE9821C586C5400B277EC /* PBXTargetDependency */ = {
			isa = PBXTargetDependency;
			target = 9065B9671C52E00500854414 /* GitMenu */;
			targetProxy = 902CE9811C586C5400B277EC /* PBXContainerItemProxy */;
		};
		902CE9881C586C5400B277EC /* PBXTargetDependency */ = {
			isa = PBXTargetDependency;
			target = 902CE9731C586C5400B277EC /* GMUDataModel */;
			targetProxy = 902CE9871C586C5400B277EC /* PBXContainerItemProxy */;
		};
		9065B97D1C52E00500854414 /* PBXTargetDependency */ = {
			isa = PBXTargetDependency;
			target = 9065B9671C52E00500854414 /* GitMenu */;
			targetProxy = 9065B97C1C52E00500854414 /* PBXContainerItemProxy */;
		};
		907C8BDB1C52E2BC00A09E55 /* PBXTargetDependency */ = {
			isa = PBXTargetDependency;
			target = 907C8BD11C52E2BC00A09E55 /* GitFinderMenu */;
			targetProxy = 907C8BDA1C52E2BC00A09E55 /* PBXContainerItemProxy */;
		};
		9090BF781C586DB700DD1DC0 /* PBXTargetDependency */ = {
			isa = PBXTargetDependency;
			name = "ObjectiveGit-Mac";
			targetProxy = 9090BF771C586DB700DD1DC0 /* PBXContainerItemProxy */;
		};
/* End PBXTargetDependency section */

/* Begin PBXVariantGroup section */
		9065B9731C52E00500854414 /* MainMenu.xib */ = {
			isa = PBXVariantGroup;
			children = (
				9065B9741C52E00500854414 /* Base */,
			);
			name = MainMenu.xib;
			path = ..;
			sourceTree = "<group>";
		};
/* End PBXVariantGroup section */

/* Begin XCBuildConfiguration section */
		902CE98C1C586C5400B277EC /* Debug */ = {
			isa = XCBuildConfiguration;
			baseConfigurationReference = 4317576AB6CD3B5E84BFB0FE /* Pods-Git-GMUDataModel.debug.xcconfig */;
			buildSettings = {
				APPLICATION_EXTENSION_API_ONLY = YES;
				CODE_SIGN_IDENTITY = "Developer ID Application";
				"CODE_SIGN_IDENTITY[sdk=macosx*]" = "Mac Developer";
				COMBINE_HIDPI_IMAGES = YES;
				CURRENT_PROJECT_VERSION = 1;
				DEFINES_MODULE = YES;
				DYLIB_COMPATIBILITY_VERSION = 1;
				DYLIB_CURRENT_VERSION = 1;
				DYLIB_INSTALL_NAME_BASE = "@rpath";
				FRAMEWORK_SEARCH_PATHS = (
					"$(inherited)",
					"$(LOCAL_LIBRARY_DIR)/Frameworks",
				);
				FRAMEWORK_VERSION = A;
				INFOPLIST_FILE = GMUDataModel/Info.plist;
				INSTALL_PATH = "$(LOCAL_LIBRARY_DIR)/Frameworks";
				LD_RUNPATH_SEARCH_PATHS = "$(inherited) @executable_path/../Frameworks @loader_path/Frameworks";
				PRODUCT_BUNDLE_IDENTIFIER = org.jmorgan.GMUDataModel;
				PRODUCT_NAME = "$(TARGET_NAME)";
				SKIP_INSTALL = YES;
				VERSIONING_SYSTEM = "apple-generic";
				VERSION_INFO_PREFIX = "";
			};
			name = Debug;
		};
		902CE98D1C586C5400B277EC /* Release */ = {
			isa = XCBuildConfiguration;
			baseConfigurationReference = 2F7CA9FA3CA930C80100B68D /* Pods-Git-GMUDataModel.release.xcconfig */;
			buildSettings = {
				APPLICATION_EXTENSION_API_ONLY = YES;
				CODE_SIGN_IDENTITY = "Developer ID Application";
				"CODE_SIGN_IDENTITY[sdk=macosx*]" = "Mac Developer";
				COMBINE_HIDPI_IMAGES = YES;
				CURRENT_PROJECT_VERSION = 1;
				DEFINES_MODULE = YES;
				DYLIB_COMPATIBILITY_VERSION = 1;
				DYLIB_CURRENT_VERSION = 1;
				DYLIB_INSTALL_NAME_BASE = "@rpath";
				FRAMEWORK_SEARCH_PATHS = (
					"$(inherited)",
					"$(LOCAL_LIBRARY_DIR)/Frameworks",
				);
				FRAMEWORK_VERSION = A;
				INFOPLIST_FILE = GMUDataModel/Info.plist;
				INSTALL_PATH = "$(LOCAL_LIBRARY_DIR)/Frameworks";
				LD_RUNPATH_SEARCH_PATHS = "$(inherited) @executable_path/../Frameworks @loader_path/Frameworks";
				PRODUCT_BUNDLE_IDENTIFIER = org.jmorgan.GMUDataModel;
				PRODUCT_NAME = "$(TARGET_NAME)";
				SKIP_INSTALL = YES;
				VERSIONING_SYSTEM = "apple-generic";
				VERSION_INFO_PREFIX = "";
			};
			name = Release;
		};
		902CE98F1C586C5400B277EC /* Debug */ = {
			isa = XCBuildConfiguration;
			baseConfigurationReference = 9D5C5506FD12FC389377D0F5 /* Pods-GMUDataModelTests.debug.xcconfig */;
			buildSettings = {
				COMBINE_HIDPI_IMAGES = YES;
				INFOPLIST_FILE = GMUDataModelTests/Info.plist;
				LD_RUNPATH_SEARCH_PATHS = "$(inherited) @executable_path/../Frameworks @loader_path/../Frameworks";
				PRODUCT_BUNDLE_IDENTIFIER = org.jmorgan.GMUDataModelTests;
				PRODUCT_NAME = "$(TARGET_NAME)";
				TEST_HOST = "$(BUILT_PRODUCTS_DIR)/GitMenu.app/Contents/MacOS/GitMenu";
			};
			name = Debug;
		};
		902CE9901C586C5400B277EC /* Release */ = {
			isa = XCBuildConfiguration;
			baseConfigurationReference = 8B3675058FB2876D5B1D052C /* Pods-GMUDataModelTests.release.xcconfig */;
			buildSettings = {
				COMBINE_HIDPI_IMAGES = YES;
				INFOPLIST_FILE = GMUDataModelTests/Info.plist;
				LD_RUNPATH_SEARCH_PATHS = "$(inherited) @executable_path/../Frameworks @loader_path/../Frameworks";
				PRODUCT_BUNDLE_IDENTIFIER = org.jmorgan.GMUDataModelTests;
				PRODUCT_NAME = "$(TARGET_NAME)";
				TEST_HOST = "$(BUILT_PRODUCTS_DIR)/GitMenu.app/Contents/MacOS/GitMenu";
			};
			name = Release;
		};
		9065B9821C52E00500854414 /* Debug */ = {
			isa = XCBuildConfiguration;
			buildSettings = {
				ALWAYS_SEARCH_USER_PATHS = NO;
				CLANG_CXX_LANGUAGE_STANDARD = "gnu++0x";
				CLANG_CXX_LIBRARY = "libc++";
				CLANG_ENABLE_MODULES = YES;
				CLANG_ENABLE_OBJC_ARC = YES;
				CLANG_WARN_BOOL_CONVERSION = YES;
				CLANG_WARN_CONSTANT_CONVERSION = YES;
				CLANG_WARN_DIRECT_OBJC_ISA_USAGE = YES_ERROR;
				CLANG_WARN_EMPTY_BODY = YES;
				CLANG_WARN_ENUM_CONVERSION = YES;
				CLANG_WARN_INT_CONVERSION = YES;
				CLANG_WARN_OBJC_ROOT_CLASS = YES_ERROR;
				CLANG_WARN_UNREACHABLE_CODE = YES;
				CLANG_WARN__DUPLICATE_METHOD_MATCH = YES;
				CODE_SIGN_IDENTITY = "-";
				COPY_PHASE_STRIP = NO;
				DEBUG_INFORMATION_FORMAT = dwarf;
				ENABLE_STRICT_OBJC_MSGSEND = YES;
				ENABLE_TESTABILITY = YES;
				GCC_C_LANGUAGE_STANDARD = gnu99;
				GCC_DYNAMIC_NO_PIC = NO;
				GCC_NO_COMMON_BLOCKS = YES;
				GCC_OPTIMIZATION_LEVEL = 0;
				GCC_PREPROCESSOR_DEFINITIONS = (
					"DEBUG=1",
					"$(inherited)",
				);
				GCC_TREAT_WARNINGS_AS_ERRORS = NO;
				GCC_WARN_64_TO_32_BIT_CONVERSION = YES;
				GCC_WARN_ABOUT_RETURN_TYPE = YES_ERROR;
				GCC_WARN_UNDECLARED_SELECTOR = YES;
				GCC_WARN_UNINITIALIZED_AUTOS = YES_AGGRESSIVE;
				GCC_WARN_UNUSED_FUNCTION = YES;
				GCC_WARN_UNUSED_VARIABLE = YES;
				MACOSX_DEPLOYMENT_TARGET = 10.11;
				MTL_ENABLE_DEBUG_INFO = YES;
				ONLY_ACTIVE_ARCH = YES;
				SDKROOT = macosx;
				WARNING_CFLAGS = "";
			};
			name = Debug;
		};
		9065B9831C52E00500854414 /* Release */ = {
			isa = XCBuildConfiguration;
			buildSettings = {
				ALWAYS_SEARCH_USER_PATHS = NO;
				CLANG_CXX_LANGUAGE_STANDARD = "gnu++0x";
				CLANG_CXX_LIBRARY = "libc++";
				CLANG_ENABLE_MODULES = YES;
				CLANG_ENABLE_OBJC_ARC = YES;
				CLANG_WARN_BOOL_CONVERSION = YES;
				CLANG_WARN_CONSTANT_CONVERSION = YES;
				CLANG_WARN_DIRECT_OBJC_ISA_USAGE = YES_ERROR;
				CLANG_WARN_EMPTY_BODY = YES;
				CLANG_WARN_ENUM_CONVERSION = YES;
				CLANG_WARN_INT_CONVERSION = YES;
				CLANG_WARN_OBJC_ROOT_CLASS = YES_ERROR;
				CLANG_WARN_UNREACHABLE_CODE = YES;
				CLANG_WARN__DUPLICATE_METHOD_MATCH = YES;
				CODE_SIGN_IDENTITY = "-";
				COPY_PHASE_STRIP = NO;
				DEBUG_INFORMATION_FORMAT = "dwarf-with-dsym";
				ENABLE_NS_ASSERTIONS = NO;
				ENABLE_STRICT_OBJC_MSGSEND = YES;
				GCC_C_LANGUAGE_STANDARD = gnu99;
				GCC_NO_COMMON_BLOCKS = YES;
				GCC_TREAT_WARNINGS_AS_ERRORS = NO;
				GCC_WARN_64_TO_32_BIT_CONVERSION = YES;
				GCC_WARN_ABOUT_RETURN_TYPE = YES_ERROR;
				GCC_WARN_UNDECLARED_SELECTOR = YES;
				GCC_WARN_UNINITIALIZED_AUTOS = YES_AGGRESSIVE;
				GCC_WARN_UNUSED_FUNCTION = YES;
				GCC_WARN_UNUSED_VARIABLE = YES;
				MACOSX_DEPLOYMENT_TARGET = 10.11;
				MTL_ENABLE_DEBUG_INFO = NO;
				SDKROOT = macosx;
				WARNING_CFLAGS = "";
			};
			name = Release;
		};
		9065B9851C52E00500854414 /* Debug */ = {
			isa = XCBuildConfiguration;
			baseConfigurationReference = DAB696C48045F3D8412755B0 /* Pods-Git-GitMenu.debug.xcconfig */;
			buildSettings = {
				ASSETCATALOG_COMPILER_APPICON_NAME = AppIcon;
				CODE_SIGN_ENTITLEMENTS = "GitMenu/Supporting Files/GitMenu.entitlements";
				CODE_SIGN_IDENTITY = "Developer ID Application";
				"CODE_SIGN_IDENTITY[sdk=macosx*]" = "Mac Developer";
				COMBINE_HIDPI_IMAGES = YES;
				FRAMEWORK_SEARCH_PATHS = (
					"$(inherited)",
					"$(LOCAL_LIBRARY_DIR)/Frameworks",
				);
				GCC_PREFIX_HEADER = "$(SRCROOT)/GitMenu/Supporting Files/GitMenu-Prefix.pch";
				GCC_TREAT_WARNINGS_AS_ERRORS = YES;
				INFOPLIST_FILE = "$(SRCROOT)/GitMenu/Supporting Files/Info.plist";
				LD_RUNPATH_SEARCH_PATHS = "$(inherited) @executable_path/../Frameworks";
				PRODUCT_BUNDLE_IDENTIFIER = org.jmorgan.GitMenu;
				PRODUCT_NAME = "$(TARGET_NAME)";
				PROVISIONING_PROFILE = "";
			};
			name = Debug;
		};
		9065B9861C52E00500854414 /* Release */ = {
			isa = XCBuildConfiguration;
			baseConfigurationReference = 8FD027E930278F7CE39E0905 /* Pods-Git-GitMenu.release.xcconfig */;
			buildSettings = {
				ASSETCATALOG_COMPILER_APPICON_NAME = AppIcon;
				CODE_SIGN_ENTITLEMENTS = "GitMenu/Supporting Files/GitMenu.entitlements";
				CODE_SIGN_IDENTITY = "Developer ID Application";
				"CODE_SIGN_IDENTITY[sdk=macosx*]" = "Mac Developer";
				COMBINE_HIDPI_IMAGES = YES;
				FRAMEWORK_SEARCH_PATHS = (
					"$(inherited)",
					"$(LOCAL_LIBRARY_DIR)/Frameworks",
				);
				GCC_PREFIX_HEADER = "$(SRCROOT)/GitMenu/Supporting Files/GitMenu-Prefix.pch";
				GCC_TREAT_WARNINGS_AS_ERRORS = YES;
				INFOPLIST_FILE = "$(SRCROOT)/GitMenu/Supporting Files/Info.plist";
				LD_RUNPATH_SEARCH_PATHS = "$(inherited) @executable_path/../Frameworks";
				PRODUCT_BUNDLE_IDENTIFIER = org.jmorgan.GitMenu;
				PRODUCT_NAME = "$(TARGET_NAME)";
				PROVISIONING_PROFILE = "";
			};
			name = Release;
		};
		9065B9881C52E00500854414 /* Debug */ = {
			isa = XCBuildConfiguration;
			baseConfigurationReference = C70946D52F286EDC50D60504 /* Pods-GitMenuTests.debug.xcconfig */;
			buildSettings = {
				BUNDLE_LOADER = "$(TEST_HOST)";
				COMBINE_HIDPI_IMAGES = YES;
				INFOPLIST_FILE = GitMenuTests/Info.plist;
				LD_RUNPATH_SEARCH_PATHS = "$(inherited) @executable_path/../Frameworks @loader_path/../Frameworks";
				PRODUCT_BUNDLE_IDENTIFIER = org.jmorgan.GitMenuTests;
				PRODUCT_NAME = "$(TARGET_NAME)";
				TEST_HOST = "$(BUILT_PRODUCTS_DIR)/GitMenu.app/Contents/MacOS/GitMenu";
			};
			name = Debug;
		};
		9065B9891C52E00500854414 /* Release */ = {
			isa = XCBuildConfiguration;
			baseConfigurationReference = BE85C15F72EAF0CCE1C92282 /* Pods-GitMenuTests.release.xcconfig */;
			buildSettings = {
				BUNDLE_LOADER = "$(TEST_HOST)";
				COMBINE_HIDPI_IMAGES = YES;
				INFOPLIST_FILE = GitMenuTests/Info.plist;
				LD_RUNPATH_SEARCH_PATHS = "$(inherited) @executable_path/../Frameworks @loader_path/../Frameworks";
				PRODUCT_BUNDLE_IDENTIFIER = org.jmorgan.GitMenuTests;
				PRODUCT_NAME = "$(TARGET_NAME)";
				TEST_HOST = "$(BUILT_PRODUCTS_DIR)/GitMenu.app/Contents/MacOS/GitMenu";
			};
			name = Release;
		};
		907C8BDE1C52E2BC00A09E55 /* Debug */ = {
			isa = XCBuildConfiguration;
			baseConfigurationReference = 4F49D96DE631F07FE727D2C4 /* Pods-Git-GitFinderMenu.debug.xcconfig */;
			buildSettings = {
				CODE_SIGN_ENTITLEMENTS = GitFinderMenu/GitFinderMenu.entitlements;
				CODE_SIGN_IDENTITY = "Developer ID Application";
				"CODE_SIGN_IDENTITY[sdk=macosx*]" = "Mac Developer";
				COMBINE_HIDPI_IMAGES = YES;
				FRAMEWORK_SEARCH_PATHS = (
					"$(inherited)",
					"$(LOCAL_LIBRARY_DIR)/Frameworks",
				);
				GCC_PREFIX_HEADER = "$(SRCROOT)/GitFinderMenu/GitFinderMenu-Prefix.pch";
				INFOPLIST_FILE = GitFinderMenu/Info.plist;
				LD_RUNPATH_SEARCH_PATHS = "$(inherited) @executable_path/../Frameworks @executable_path/../../../../Frameworks";
				PRODUCT_BUNDLE_IDENTIFIER = org.jmorgan.GitMenu.GitFinderMenu;
				PRODUCT_NAME = "$(TARGET_NAME)";
				PROVISIONING_PROFILE = "";
				SKIP_INSTALL = YES;
			};
			name = Debug;
		};
		907C8BDF1C52E2BC00A09E55 /* Release */ = {
			isa = XCBuildConfiguration;
			baseConfigurationReference = E06E3971DD7293D11096C8E5 /* Pods-Git-GitFinderMenu.release.xcconfig */;
			buildSettings = {
				CODE_SIGN_ENTITLEMENTS = GitFinderMenu/GitFinderMenu.entitlements;
				CODE_SIGN_IDENTITY = "Developer ID Application";
				"CODE_SIGN_IDENTITY[sdk=macosx*]" = "Mac Developer";
				COMBINE_HIDPI_IMAGES = YES;
				FRAMEWORK_SEARCH_PATHS = (
					"$(inherited)",
					"$(LOCAL_LIBRARY_DIR)/Frameworks",
				);
				GCC_PREFIX_HEADER = "$(SRCROOT)/GitFinderMenu/GitFinderMenu-Prefix.pch";
				INFOPLIST_FILE = GitFinderMenu/Info.plist;
				LD_RUNPATH_SEARCH_PATHS = "$(inherited) @executable_path/../Frameworks @executable_path/../../../../Frameworks";
				PRODUCT_BUNDLE_IDENTIFIER = org.jmorgan.GitMenu.GitFinderMenu;
				PRODUCT_NAME = "$(TARGET_NAME)";
				PROVISIONING_PROFILE = "";
				SKIP_INSTALL = YES;
			};
			name = Release;
		};
/* End XCBuildConfiguration section */

/* Begin XCConfigurationList section */
		902CE98B1C586C5400B277EC /* Build configuration list for PBXNativeTarget "GMUDataModel" */ = {
			isa = XCConfigurationList;
			buildConfigurations = (
				902CE98C1C586C5400B277EC /* Debug */,
				902CE98D1C586C5400B277EC /* Release */,
			);
			defaultConfigurationIsVisible = 0;
			defaultConfigurationName = Release;
		};
		902CE98E1C586C5400B277EC /* Build configuration list for PBXNativeTarget "GMUDataModelTests" */ = {
			isa = XCConfigurationList;
			buildConfigurations = (
				902CE98F1C586C5400B277EC /* Debug */,
				902CE9901C586C5400B277EC /* Release */,
			);
			defaultConfigurationIsVisible = 0;
			defaultConfigurationName = Release;
		};
		9065B9631C52E00500854414 /* Build configuration list for PBXProject "GitMenu" */ = {
			isa = XCConfigurationList;
			buildConfigurations = (
				9065B9821C52E00500854414 /* Debug */,
				9065B9831C52E00500854414 /* Release */,
			);
			defaultConfigurationIsVisible = 0;
			defaultConfigurationName = Release;
		};
		9065B9841C52E00500854414 /* Build configuration list for PBXNativeTarget "GitMenu" */ = {
			isa = XCConfigurationList;
			buildConfigurations = (
				9065B9851C52E00500854414 /* Debug */,
				9065B9861C52E00500854414 /* Release */,
			);
			defaultConfigurationIsVisible = 0;
			defaultConfigurationName = Release;
		};
		9065B9871C52E00500854414 /* Build configuration list for PBXNativeTarget "GitMenuTests" */ = {
			isa = XCConfigurationList;
			buildConfigurations = (
				9065B9881C52E00500854414 /* Debug */,
				9065B9891C52E00500854414 /* Release */,
			);
			defaultConfigurationIsVisible = 0;
			defaultConfigurationName = Release;
		};
		907C8BDD1C52E2BC00A09E55 /* Build configuration list for PBXNativeTarget "GitFinderMenu" */ = {
			isa = XCConfigurationList;
			buildConfigurations = (
				907C8BDE1C52E2BC00A09E55 /* Debug */,
				907C8BDF1C52E2BC00A09E55 /* Release */,
			);
			defaultConfigurationIsVisible = 0;
			defaultConfigurationName = Release;
		};
/* End XCConfigurationList section */

/* Begin XCVersionGroup section */
		9090BF571C586CF100DD1DC0 /* GMUModel.xcdatamodeld */ = {
			isa = XCVersionGroup;
			children = (
				9090BF581C586CF100DD1DC0 /* GMUModel.xcdatamodel */,
			);
			currentVersion = 9090BF581C586CF100DD1DC0 /* GMUModel.xcdatamodel */;
			path = GMUModel.xcdatamodeld;
			sourceTree = "<group>";
			versionGroupType = wrapper.xcdatamodel;
		};
/* End XCVersionGroup section */
	};
	rootObject = 9065B9601C52E00500854414 /* Project object */;
}
